// !$*UTF8*$!
{
	archiveVersion = 1;
	classes = {
	};
	objectVersion = 50;
	objects = {

/* Begin PBXBuildFile section */
		8B25DD349385800CEEDE1864 /* libPods-DongJia.a in Frameworks */ = {isa = PBXBuildFile; fileRef = 142A6ABF5534F00655DEE71E /* libPods-DongJia.a */; };
		E143CE3D22C220C400766D9D /* MainLeftMenuView.m in Sources */ = {isa = PBXBuildFile; fileRef = E143CE3C22C220C400766D9D /* MainLeftMenuView.m */; };
		E169BF1922BC6CB2000990BD /* MQTTMessageModel.m in Sources */ = {isa = PBXBuildFile; fileRef = E169BF1822BC6CB2000990BD /* MQTTMessageModel.m */; };
		E169BF2522BC9284000990BD /* SwitchModel.m in Sources */ = {isa = PBXBuildFile; fileRef = E169BF2422BC9284000990BD /* SwitchModel.m */; };
		E169BF2B22BCC43D000990BD /* ClientModel.m in Sources */ = {isa = PBXBuildFile; fileRef = E169BF2A22BCC43D000990BD /* ClientModel.m */; };
		E169BF2E22BCC7E0000990BD /* MainClientCell.m in Sources */ = {isa = PBXBuildFile; fileRef = E169BF2D22BCC7E0000990BD /* MainClientCell.m */; };
		E169BF3122BCD1AF000990BD /* UIView+Toast.m in Sources */ = {isa = PBXBuildFile; fileRef = E169BF3022BCD1AF000990BD /* UIView+Toast.m */; };
		E16C7C1222BB56AB00DC13CC /* AppDelegate.m in Sources */ = {isa = PBXBuildFile; fileRef = E16C7C1122BB56AB00DC13CC /* AppDelegate.m */; };
		E16C7C1A22BB56B100DC13CC /* Assets.xcassets in Resources */ = {isa = PBXBuildFile; fileRef = E16C7C1922BB56B100DC13CC /* Assets.xcassets */; };
		E16C7C1D22BB56B100DC13CC /* LaunchScreen.storyboard in Resources */ = {isa = PBXBuildFile; fileRef = E16C7C1B22BB56B100DC13CC /* LaunchScreen.storyboard */; };
		E16C7C2022BB56B100DC13CC /* main.m in Sources */ = {isa = PBXBuildFile; fileRef = E16C7C1F22BB56B100DC13CC /* main.m */; };
		E16C7C4D22BB5E3800DC13CC /* UIViewController+VFInsert.m in Sources */ = {isa = PBXBuildFile; fileRef = E16C7C3622BB5E3600DC13CC /* UIViewController+VFInsert.m */; };
		E16C7C4E22BB5E3800DC13CC /* UIView+LBExtension.m in Sources */ = {isa = PBXBuildFile; fileRef = E16C7C3922BB5E3600DC13CC /* UIView+LBExtension.m */; };
		E16C7C4F22BB5E3800DC13CC /* UITextView+PlaceHolder.m in Sources */ = {isa = PBXBuildFile; fileRef = E16C7C3C22BB5E3700DC13CC /* UITextView+PlaceHolder.m */; };
		E16C7C5022BB5E3800DC13CC /* UIImage+Gif.m in Sources */ = {isa = PBXBuildFile; fileRef = E16C7C3D22BB5E3700DC13CC /* UIImage+Gif.m */; };
		E16C7C5122BB5E3800DC13CC /* UIColor+HexStringColor.m in Sources */ = {isa = PBXBuildFile; fileRef = E16C7C3E22BB5E3700DC13CC /* UIColor+HexStringColor.m */; };
		E16C7C5222BB5E3800DC13CC /* NSArray+JSON.m in Sources */ = {isa = PBXBuildFile; fileRef = E16C7C3F22BB5E3700DC13CC /* NSArray+JSON.m */; };
		E16C7C5322BB5E3800DC13CC /* UILabel+VerticalText.m in Sources */ = {isa = PBXBuildFile; fileRef = E16C7C4122BB5E3700DC13CC /* UILabel+VerticalText.m */; };
		E16C7C5422BB5E3800DC13CC /* UIButton+EdgeInsets.m in Sources */ = {isa = PBXBuildFile; fileRef = E16C7C4322BB5E3700DC13CC /* UIButton+EdgeInsets.m */; };
		E16C7C5522BB5E3800DC13CC /* UIImage+Color.m in Sources */ = {isa = PBXBuildFile; fileRef = E16C7C4422BB5E3700DC13CC /* UIImage+Color.m */; };
		E16C7C5622BB5E3800DC13CC /* UIImage+WLCompress.m in Sources */ = {isa = PBXBuildFile; fileRef = E16C7C4622BB5E3700DC13CC /* UIImage+WLCompress.m */; };
		E16C7C5722BB5E3800DC13CC /* UINavigationBar+BackgroundColor.m in Sources */ = {isa = PBXBuildFile; fileRef = E16C7C4722BB5E3700DC13CC /* UINavigationBar+BackgroundColor.m */; };
		E16C7C5822BB5E3800DC13CC /* UIViewController+CustomNavigationBar.m in Sources */ = {isa = PBXBuildFile; fileRef = E16C7C4A22BB5E3800DC13CC /* UIViewController+CustomNavigationBar.m */; };
		E16C7C5E22BB61C100DC13CC /* BaseViewController.m in Sources */ = {isa = PBXBuildFile; fileRef = E16C7C5D22BB61C100DC13CC /* BaseViewController.m */; };
		E16C7C6122BB61EE00DC13CC /* MainViewController.m in Sources */ = {isa = PBXBuildFile; fileRef = E16C7C6022BB61EE00DC13CC /* MainViewController.m */; };
		E16C7CC722BB63DF00DC13CC /* NSNumber+Zirkfied.m in Sources */ = {isa = PBXBuildFile; fileRef = E16C7C7722BB63DF00DC13CC /* NSNumber+Zirkfied.m */; };
		E16C7CC822BB63DF00DC13CC /* NSString+Zirkfied.m in Sources */ = {isa = PBXBuildFile; fileRef = E16C7C7922BB63DF00DC13CC /* NSString+Zirkfied.m */; };
		E16C7CC922BB63DF00DC13CC /* UIBezierPath+Zirkfied.m in Sources */ = {isa = PBXBuildFile; fileRef = E16C7C7B22BB63DF00DC13CC /* UIBezierPath+Zirkfied.m */; };
		E16C7CCA22BB63DF00DC13CC /* UIColor+Zirkfied.m in Sources */ = {isa = PBXBuildFile; fileRef = E16C7C7D22BB63DF00DC13CC /* UIColor+Zirkfied.m */; };
		E16C7CCB22BB63DF00DC13CC /* UIView+Zirkfied.m in Sources */ = {isa = PBXBuildFile; fileRef = E16C7C7F22BB63DF00DC13CC /* UIView+Zirkfied.m */; };
		E16C7CCC22BB63DF00DC13CC /* ZFLabel.m in Sources */ = {isa = PBXBuildFile; fileRef = E16C7C8222BB63DF00DC13CC /* ZFLabel.m */; };
		E16C7CCD22BB63DF00DC13CC /* ZFPopoverLabel.m in Sources */ = {isa = PBXBuildFile; fileRef = E16C7C8422BB63DF00DC13CC /* ZFPopoverLabel.m */; };
		E16C7CCE22BB63DF00DC13CC /* ZFXAxisLine.m in Sources */ = {isa = PBXBuildFile; fileRef = E16C7C8622BB63DF00DC13CC /* ZFXAxisLine.m */; };
		E16C7CCF22BB63DF00DC13CC /* ZFYAxisLine.m in Sources */ = {isa = PBXBuildFile; fileRef = E16C7C8822BB63DF00DC13CC /* ZFYAxisLine.m */; };
		E16C7CD022BB63DF00DC13CC /* ZFCurveAttribute.m in Sources */ = {isa = PBXBuildFile; fileRef = E16C7C8B22BB63DF00DC13CC /* ZFCurveAttribute.m */; };
		E16C7CD122BB63DF00DC13CC /* ZFGradientAttribute.m in Sources */ = {isa = PBXBuildFile; fileRef = E16C7C8D22BB63DF00DC13CC /* ZFGradientAttribute.m */; };
		E16C7CD222BB63DF00DC13CC /* ZFConst.m in Sources */ = {isa = PBXBuildFile; fileRef = E16C7C9222BB63DF00DC13CC /* ZFConst.m */; };
		E16C7CD322BB63DF00DC13CC /* ZFMethod.m in Sources */ = {isa = PBXBuildFile; fileRef = E16C7C9422BB63DF00DC13CC /* ZFMethod.m */; };
		E16C7CD422BB63DF00DC13CC /* ZFBar.m in Sources */ = {isa = PBXBuildFile; fileRef = E16C7C9722BB63DF00DC13CC /* ZFBar.m */; };
		E16C7CD522BB63DF00DC13CC /* ZFBarChart.m in Sources */ = {isa = PBXBuildFile; fileRef = E16C7C9922BB63DF00DC13CC /* ZFBarChart.m */; };
		E16C7CD622BB63DF00DC13CC /* ZFCirque.m in Sources */ = {isa = PBXBuildFile; fileRef = E16C7C9C22BB63DF00DC13CC /* ZFCirque.m */; };
		E16C7CD722BB63DF00DC13CC /* ZFCirqueChart.m in Sources */ = {isa = PBXBuildFile; fileRef = E16C7C9E22BB63DF00DC13CC /* ZFCirqueChart.m */; };
		E16C7CD822BB63DF00DC13CC /* ZFGenericAxis.m in Sources */ = {isa = PBXBuildFile; fileRef = E16C7CA122BB63DF00DC13CC /* ZFGenericAxis.m */; };
		E16C7CD922BB63DF00DC13CC /* ZFGenericChart.m in Sources */ = {isa = PBXBuildFile; fileRef = E16C7CA422BB63DF00DC13CC /* ZFGenericChart.m */; };
		E16C7CDA22BB63DF00DC13CC /* ZFHorizontalAxis.m in Sources */ = {isa = PBXBuildFile; fileRef = E16C7CA722BB63DF00DC13CC /* ZFHorizontalAxis.m */; };
		E16C7CDB22BB63DF00DC13CC /* ZFHorizontalBar.m in Sources */ = {isa = PBXBuildFile; fileRef = E16C7CAA22BB63DF00DC13CC /* ZFHorizontalBar.m */; };
		E16C7CDC22BB63DF00DC13CC /* ZFHorizontalBarChart.m in Sources */ = {isa = PBXBuildFile; fileRef = E16C7CAC22BB63DF00DC13CC /* ZFHorizontalBarChart.m */; };
		E16C7CDD22BB63DF00DC13CC /* ZFCircle.m in Sources */ = {isa = PBXBuildFile; fileRef = E16C7CAF22BB63DF00DC13CC /* ZFCircle.m */; };
		E16C7CDE22BB63DF00DC13CC /* ZFLine.m in Sources */ = {isa = PBXBuildFile; fileRef = E16C7CB122BB63DF00DC13CC /* ZFLine.m */; };
		E16C7CDF22BB63DF00DC13CC /* ZFLineChart.m in Sources */ = {isa = PBXBuildFile; fileRef = E16C7CB322BB63DF00DC13CC /* ZFLineChart.m */; };
		E16C7CE022BB63DF00DC13CC /* ZFPie.m in Sources */ = {isa = PBXBuildFile; fileRef = E16C7CB622BB63DF00DC13CC /* ZFPie.m */; };
		E16C7CE122BB63DF00DC13CC /* ZFPieChart.m in Sources */ = {isa = PBXBuildFile; fileRef = E16C7CB822BB63DF00DC13CC /* ZFPieChart.m */; };
		E16C7CE222BB63DF00DC13CC /* ZFTranslucencePath.m in Sources */ = {isa = PBXBuildFile; fileRef = E16C7CBA22BB63DF00DC13CC /* ZFTranslucencePath.m */; };
		E16C7CE322BB63DF00DC13CC /* ZFPolygon.m in Sources */ = {isa = PBXBuildFile; fileRef = E16C7CBD22BB63DF00DC13CC /* ZFPolygon.m */; };
		E16C7CE422BB63DF00DC13CC /* ZFRadar.m in Sources */ = {isa = PBXBuildFile; fileRef = E16C7CBF22BB63DF00DC13CC /* ZFRadar.m */; };
		E16C7CE522BB63DF00DC13CC /* ZFRadarChart.m in Sources */ = {isa = PBXBuildFile; fileRef = E16C7CC122BB63DF00DC13CC /* ZFRadarChart.m */; };
		E16C7CE622BB63DF00DC13CC /* ZFWave.m in Sources */ = {isa = PBXBuildFile; fileRef = E16C7CC422BB63DF00DC13CC /* ZFWave.m */; };
		E16C7CE722BB63DF00DC13CC /* ZFWaveChart.m in Sources */ = {isa = PBXBuildFile; fileRef = E16C7CC622BB63DF00DC13CC /* ZFWaveChart.m */; };
		E16C7CEA22BB68A200DC13CC /* MQTTManager.m in Sources */ = {isa = PBXBuildFile; fileRef = E16C7CE922BB68A200DC13CC /* MQTTManager.m */; };
		E16C7CED22BB848E00DC13CC /* UIView+Extension.m in Sources */ = {isa = PBXBuildFile; fileRef = E16C7CEC22BB848E00DC13CC /* UIView+Extension.m */; };
		E552899922BE3CC8004EC3C3 /* MainHeaderView.m in Sources */ = {isa = PBXBuildFile; fileRef = E552899822BE3CC8004EC3C3 /* MainHeaderView.m */; };
		E552899D22BE3E8B004EC3C3 /* Agency_Bold.ttf in Resources */ = {isa = PBXBuildFile; fileRef = E552899C22BE3E8B004EC3C3 /* Agency_Bold.ttf */; };
		E55289A122BE52BA004EC3C3 /* DefaultViewCell.m in Sources */ = {isa = PBXBuildFile; fileRef = E552899F22BE52BA004EC3C3 /* DefaultViewCell.m */; };
		E55289A522BE58A6004EC3C3 /* ClientAlertView.m in Sources */ = {isa = PBXBuildFile; fileRef = E55289A422BE58A6004EC3C3 /* ClientAlertView.m */; };
		E55289A822BE5F93004EC3C3 /* ClientAlertViewCell.m in Sources */ = {isa = PBXBuildFile; fileRef = E55289A722BE5F93004EC3C3 /* ClientAlertViewCell.m */; };
		E55F54EF22C29634007896B4 /* ESPTouchTaskParameter.m in Sources */ = {isa = PBXBuildFile; fileRef = E55F54EB22C29634007896B4 /* ESPTouchTaskParameter.m */; };
		E55F54F022C29634007896B4 /* ESPTouchResult.m in Sources */ = {isa = PBXBuildFile; fileRef = E55F54ED22C29634007896B4 /* ESPTouchResult.m */; };
		E55F54F122C29634007896B4 /* ESPTouchTask.m in Sources */ = {isa = PBXBuildFile; fileRef = E55F54EE22C29634007896B4 /* ESPTouchTask.m */; };
		E55F54FE22C2965E007896B4 /* ESP_WifiUtil.m in Sources */ = {isa = PBXBuildFile; fileRef = E55F54F622C2965E007896B4 /* ESP_WifiUtil.m */; };
		E55F54FF22C2965E007896B4 /* ESPAES.m in Sources */ = {isa = PBXBuildFile; fileRef = E55F54F722C2965E007896B4 /* ESPAES.m */; };
		E55F550022C2965E007896B4 /* ESP_ByteUtil.m in Sources */ = {isa = PBXBuildFile; fileRef = E55F54F822C2965E007896B4 /* ESP_ByteUtil.m */; };
		E55F550122C2965E007896B4 /* ESP_CRC8.m in Sources */ = {isa = PBXBuildFile; fileRef = E55F54F922C2965E007896B4 /* ESP_CRC8.m */; };
		E55F550222C2965E007896B4 /* ESP_NetUtil.m in Sources */ = {isa = PBXBuildFile; fileRef = E55F54FA22C2965E007896B4 /* ESP_NetUtil.m */; };
		E55F554D22C2968C007896B4 /* ESPDatumCode.m in Sources */ = {isa = PBXBuildFile; fileRef = E55F554522C2968B007896B4 /* ESPDatumCode.m */; };
		E55F554E22C2968C007896B4 /* ESPTouchGenerator.m in Sources */ = {isa = PBXBuildFile; fileRef = E55F554622C2968C007896B4 /* ESPTouchGenerator.m */; };
		E55F554F22C2968C007896B4 /* ESPDataCode.m in Sources */ = {isa = PBXBuildFile; fileRef = E55F554822C2968C007896B4 /* ESPDataCode.m */; };
		E55F555022C2968C007896B4 /* ESPGuideCode.m in Sources */ = {isa = PBXBuildFile; fileRef = E55F554C22C2968C007896B4 /* ESPGuideCode.m */; };
		E55F555622C296A9007896B4 /* ESPUDPSocketServer.m in Sources */ = {isa = PBXBuildFile; fileRef = E55F555322C296A9007896B4 /* ESPUDPSocketServer.m */; };
		E55F555722C296A9007896B4 /* ESPUDPSocketClient.m in Sources */ = {isa = PBXBuildFile; fileRef = E55F555522C296A9007896B4 /* ESPUDPSocketClient.m */; };
/* End PBXBuildFile section */

/* Begin PBXFileReference section */
		0BDD7F9F26BFACFFEA0AC1D0 /* Pods-DongJia.release.xcconfig */ = {isa = PBXFileReference; includeInIndex = 1; lastKnownFileType = text.xcconfig; name = "Pods-DongJia.release.xcconfig"; path = "Pods/Target Support Files/Pods-DongJia/Pods-DongJia.release.xcconfig"; sourceTree = "<group>"; };
		0C70EDD897D0EC8A2D633111 /* Pods-DongJia.debug.xcconfig */ = {isa = PBXFileReference; includeInIndex = 1; lastKnownFileType = text.xcconfig; name = "Pods-DongJia.debug.xcconfig"; path = "Pods/Target Support Files/Pods-DongJia/Pods-DongJia.debug.xcconfig"; sourceTree = "<group>"; };
		142A6ABF5534F00655DEE71E /* libPods-DongJia.a */ = {isa = PBXFileReference; explicitFileType = archive.ar; includeInIndex = 0; path = "libPods-DongJia.a"; sourceTree = BUILT_PRODUCTS_DIR; };
		E143CE3B22C220C400766D9D /* MainLeftMenuView.h */ = {isa = PBXFileReference; lastKnownFileType = sourcecode.c.h; path = MainLeftMenuView.h; sourceTree = "<group>"; };
		E143CE3C22C220C400766D9D /* MainLeftMenuView.m */ = {isa = PBXFileReference; lastKnownFileType = sourcecode.c.objc; path = MainLeftMenuView.m; sourceTree = "<group>"; };
		E169BF1722BC6CB2000990BD /* MQTTMessageModel.h */ = {isa = PBXFileReference; lastKnownFileType = sourcecode.c.h; path = MQTTMessageModel.h; sourceTree = "<group>"; };
		E169BF1822BC6CB2000990BD /* MQTTMessageModel.m */ = {isa = PBXFileReference; lastKnownFileType = sourcecode.c.objc; path = MQTTMessageModel.m; sourceTree = "<group>"; };
		E169BF2322BC9284000990BD /* SwitchModel.h */ = {isa = PBXFileReference; lastKnownFileType = sourcecode.c.h; path = SwitchModel.h; sourceTree = "<group>"; };
		E169BF2422BC9284000990BD /* SwitchModel.m */ = {isa = PBXFileReference; lastKnownFileType = sourcecode.c.objc; path = SwitchModel.m; sourceTree = "<group>"; };
		E169BF2922BCC43D000990BD /* ClientModel.h */ = {isa = PBXFileReference; lastKnownFileType = sourcecode.c.h; path = ClientModel.h; sourceTree = "<group>"; };
		E169BF2A22BCC43D000990BD /* ClientModel.m */ = {isa = PBXFileReference; lastKnownFileType = sourcecode.c.objc; path = ClientModel.m; sourceTree = "<group>"; };
		E169BF2C22BCC7E0000990BD /* MainClientCell.h */ = {isa = PBXFileReference; lastKnownFileType = sourcecode.c.h; path = MainClientCell.h; sourceTree = "<group>"; };
		E169BF2D22BCC7E0000990BD /* MainClientCell.m */ = {isa = PBXFileReference; lastKnownFileType = sourcecode.c.objc; path = MainClientCell.m; sourceTree = "<group>"; };
		E169BF2F22BCD1AF000990BD /* UIView+Toast.h */ = {isa = PBXFileReference; fileEncoding = 4; lastKnownFileType = sourcecode.c.h; path = "UIView+Toast.h"; sourceTree = "<group>"; };
		E169BF3022BCD1AF000990BD /* UIView+Toast.m */ = {isa = PBXFileReference; fileEncoding = 4; lastKnownFileType = sourcecode.c.objc; path = "UIView+Toast.m"; sourceTree = "<group>"; };
		E16C7C0D22BB56AB00DC13CC /* DongJia.app */ = {isa = PBXFileReference; explicitFileType = wrapper.application; includeInIndex = 0; path = DongJia.app; sourceTree = BUILT_PRODUCTS_DIR; };
		E16C7C1022BB56AB00DC13CC /* AppDelegate.h */ = {isa = PBXFileReference; lastKnownFileType = sourcecode.c.h; path = AppDelegate.h; sourceTree = "<group>"; };
		E16C7C1122BB56AB00DC13CC /* AppDelegate.m */ = {isa = PBXFileReference; lastKnownFileType = sourcecode.c.objc; path = AppDelegate.m; sourceTree = "<group>"; };
		E16C7C1922BB56B100DC13CC /* Assets.xcassets */ = {isa = PBXFileReference; lastKnownFileType = folder.assetcatalog; path = Assets.xcassets; sourceTree = "<group>"; };
		E16C7C1C22BB56B100DC13CC /* Base */ = {isa = PBXFileReference; lastKnownFileType = file.storyboard; name = Base; path = Base.lproj/LaunchScreen.storyboard; sourceTree = "<group>"; };
		E16C7C1E22BB56B100DC13CC /* Info.plist */ = {isa = PBXFileReference; lastKnownFileType = text.plist.xml; path = Info.plist; sourceTree = "<group>"; };
		E16C7C1F22BB56B100DC13CC /* main.m */ = {isa = PBXFileReference; lastKnownFileType = sourcecode.c.objc; path = main.m; sourceTree = "<group>"; };
		E16C7C3422BB5DBB00DC13CC /* SDPrefixHeader.pch */ = {isa = PBXFileReference; fileEncoding = 4; lastKnownFileType = sourcecode.c.h; path = SDPrefixHeader.pch; sourceTree = "<group>"; };
		E16C7C3522BB5E3600DC13CC /* UIImage+Color.h */ = {isa = PBXFileReference; fileEncoding = 4; lastKnownFileType = sourcecode.c.h; path = "UIImage+Color.h"; sourceTree = "<group>"; };
		E16C7C3622BB5E3600DC13CC /* UIViewController+VFInsert.m */ = {isa = PBXFileReference; fileEncoding = 4; lastKnownFileType = sourcecode.c.objc; path = "UIViewController+VFInsert.m"; sourceTree = "<group>"; };
		E16C7C3722BB5E3600DC13CC /* UIButton+EdgeInsets.h */ = {isa = PBXFileReference; fileEncoding = 4; lastKnownFileType = sourcecode.c.h; path = "UIButton+EdgeInsets.h"; sourceTree = "<group>"; };
		E16C7C3822BB5E3600DC13CC /* UINavigationBar+BackgroundColor.h */ = {isa = PBXFileReference; fileEncoding = 4; lastKnownFileType = sourcecode.c.h; path = "UINavigationBar+BackgroundColor.h"; sourceTree = "<group>"; };
		E16C7C3922BB5E3600DC13CC /* UIView+LBExtension.m */ = {isa = PBXFileReference; fileEncoding = 4; lastKnownFileType = sourcecode.c.objc; path = "UIView+LBExtension.m"; sourceTree = "<group>"; };
		E16C7C3A22BB5E3600DC13CC /* UITextView+PlaceHolder.h */ = {isa = PBXFileReference; fileEncoding = 4; lastKnownFileType = sourcecode.c.h; path = "UITextView+PlaceHolder.h"; sourceTree = "<group>"; };
		E16C7C3B22BB5E3600DC13CC /* UIImage+Gif.h */ = {isa = PBXFileReference; fileEncoding = 4; lastKnownFileType = sourcecode.c.h; path = "UIImage+Gif.h"; sourceTree = "<group>"; };
		E16C7C3C22BB5E3700DC13CC /* UITextView+PlaceHolder.m */ = {isa = PBXFileReference; fileEncoding = 4; lastKnownFileType = sourcecode.c.objc; path = "UITextView+PlaceHolder.m"; sourceTree = "<group>"; };
		E16C7C3D22BB5E3700DC13CC /* UIImage+Gif.m */ = {isa = PBXFileReference; fileEncoding = 4; lastKnownFileType = sourcecode.c.objc; path = "UIImage+Gif.m"; sourceTree = "<group>"; };
		E16C7C3E22BB5E3700DC13CC /* UIColor+HexStringColor.m */ = {isa = PBXFileReference; fileEncoding = 4; lastKnownFileType = sourcecode.c.objc; path = "UIColor+HexStringColor.m"; sourceTree = "<group>"; };
		E16C7C3F22BB5E3700DC13CC /* NSArray+JSON.m */ = {isa = PBXFileReference; fileEncoding = 4; lastKnownFileType = sourcecode.c.objc; path = "NSArray+JSON.m"; sourceTree = "<group>"; };
		E16C7C4022BB5E3700DC13CC /* UILabel+VerticalText.h */ = {isa = PBXFileReference; fileEncoding = 4; lastKnownFileType = sourcecode.c.h; path = "UILabel+VerticalText.h"; sourceTree = "<group>"; };
		E16C7C4122BB5E3700DC13CC /* UILabel+VerticalText.m */ = {isa = PBXFileReference; fileEncoding = 4; lastKnownFileType = sourcecode.c.objc; path = "UILabel+VerticalText.m"; sourceTree = "<group>"; };
		E16C7C4222BB5E3700DC13CC /* UIView+LBExtension.h */ = {isa = PBXFileReference; fileEncoding = 4; lastKnownFileType = sourcecode.c.h; path = "UIView+LBExtension.h"; sourceTree = "<group>"; };
		E16C7C4322BB5E3700DC13CC /* UIButton+EdgeInsets.m */ = {isa = PBXFileReference; fileEncoding = 4; lastKnownFileType = sourcecode.c.objc; path = "UIButton+EdgeInsets.m"; sourceTree = "<group>"; };
		E16C7C4422BB5E3700DC13CC /* UIImage+Color.m */ = {isa = PBXFileReference; fileEncoding = 4; lastKnownFileType = sourcecode.c.objc; path = "UIImage+Color.m"; sourceTree = "<group>"; };
		E16C7C4522BB5E3700DC13CC /* UIColor+HexStringColor.h */ = {isa = PBXFileReference; fileEncoding = 4; lastKnownFileType = sourcecode.c.h; path = "UIColor+HexStringColor.h"; sourceTree = "<group>"; };
		E16C7C4622BB5E3700DC13CC /* UIImage+WLCompress.m */ = {isa = PBXFileReference; fileEncoding = 4; lastKnownFileType = sourcecode.c.objc; path = "UIImage+WLCompress.m"; sourceTree = "<group>"; };
		E16C7C4722BB5E3700DC13CC /* UINavigationBar+BackgroundColor.m */ = {isa = PBXFileReference; fileEncoding = 4; lastKnownFileType = sourcecode.c.objc; path = "UINavigationBar+BackgroundColor.m"; sourceTree = "<group>"; };
		E16C7C4822BB5E3700DC13CC /* UIViewController+VFInsert.h */ = {isa = PBXFileReference; fileEncoding = 4; lastKnownFileType = sourcecode.c.h; path = "UIViewController+VFInsert.h"; sourceTree = "<group>"; };
		E16C7C4922BB5E3800DC13CC /* UIImage+WLCompress.h */ = {isa = PBXFileReference; fileEncoding = 4; lastKnownFileType = sourcecode.c.h; path = "UIImage+WLCompress.h"; sourceTree = "<group>"; };
		E16C7C4A22BB5E3800DC13CC /* UIViewController+CustomNavigationBar.m */ = {isa = PBXFileReference; fileEncoding = 4; lastKnownFileType = sourcecode.c.objc; path = "UIViewController+CustomNavigationBar.m"; sourceTree = "<group>"; };
		E16C7C4B22BB5E3800DC13CC /* NSArray+JSON.h */ = {isa = PBXFileReference; fileEncoding = 4; lastKnownFileType = sourcecode.c.h; path = "NSArray+JSON.h"; sourceTree = "<group>"; };
		E16C7C4C22BB5E3800DC13CC /* UIViewController+CustomNavigationBar.h */ = {isa = PBXFileReference; fileEncoding = 4; lastKnownFileType = sourcecode.c.h; path = "UIViewController+CustomNavigationBar.h"; sourceTree = "<group>"; };
		E16C7C5C22BB61C100DC13CC /* BaseViewController.h */ = {isa = PBXFileReference; lastKnownFileType = sourcecode.c.h; path = BaseViewController.h; sourceTree = "<group>"; };
		E16C7C5D22BB61C100DC13CC /* BaseViewController.m */ = {isa = PBXFileReference; lastKnownFileType = sourcecode.c.objc; path = BaseViewController.m; sourceTree = "<group>"; };
		E16C7C5F22BB61EE00DC13CC /* MainViewController.h */ = {isa = PBXFileReference; lastKnownFileType = sourcecode.c.h; path = MainViewController.h; sourceTree = "<group>"; };
		E16C7C6022BB61EE00DC13CC /* MainViewController.m */ = {isa = PBXFileReference; lastKnownFileType = sourcecode.c.objc; path = MainViewController.m; sourceTree = "<group>"; };
		E16C7C7622BB63DF00DC13CC /* NSNumber+Zirkfied.h */ = {isa = PBXFileReference; fileEncoding = 4; lastKnownFileType = sourcecode.c.h; path = "NSNumber+Zirkfied.h"; sourceTree = "<group>"; };
		E16C7C7722BB63DF00DC13CC /* NSNumber+Zirkfied.m */ = {isa = PBXFileReference; fileEncoding = 4; lastKnownFileType = sourcecode.c.objc; path = "NSNumber+Zirkfied.m"; sourceTree = "<group>"; };
		E16C7C7822BB63DF00DC13CC /* NSString+Zirkfied.h */ = {isa = PBXFileReference; fileEncoding = 4; lastKnownFileType = sourcecode.c.h; path = "NSString+Zirkfied.h"; sourceTree = "<group>"; };
		E16C7C7922BB63DF00DC13CC /* NSString+Zirkfied.m */ = {isa = PBXFileReference; fileEncoding = 4; lastKnownFileType = sourcecode.c.objc; path = "NSString+Zirkfied.m"; sourceTree = "<group>"; };
		E16C7C7A22BB63DF00DC13CC /* UIBezierPath+Zirkfied.h */ = {isa = PBXFileReference; fileEncoding = 4; lastKnownFileType = sourcecode.c.h; path = "UIBezierPath+Zirkfied.h"; sourceTree = "<group>"; };
		E16C7C7B22BB63DF00DC13CC /* UIBezierPath+Zirkfied.m */ = {isa = PBXFileReference; fileEncoding = 4; lastKnownFileType = sourcecode.c.objc; path = "UIBezierPath+Zirkfied.m"; sourceTree = "<group>"; };
		E16C7C7C22BB63DF00DC13CC /* UIColor+Zirkfied.h */ = {isa = PBXFileReference; fileEncoding = 4; lastKnownFileType = sourcecode.c.h; path = "UIColor+Zirkfied.h"; sourceTree = "<group>"; };
		E16C7C7D22BB63DF00DC13CC /* UIColor+Zirkfied.m */ = {isa = PBXFileReference; fileEncoding = 4; lastKnownFileType = sourcecode.c.objc; path = "UIColor+Zirkfied.m"; sourceTree = "<group>"; };
		E16C7C7E22BB63DF00DC13CC /* UIView+Zirkfied.h */ = {isa = PBXFileReference; fileEncoding = 4; lastKnownFileType = sourcecode.c.h; path = "UIView+Zirkfied.h"; sourceTree = "<group>"; };
		E16C7C7F22BB63DF00DC13CC /* UIView+Zirkfied.m */ = {isa = PBXFileReference; fileEncoding = 4; lastKnownFileType = sourcecode.c.objc; path = "UIView+Zirkfied.m"; sourceTree = "<group>"; };
		E16C7C8122BB63DF00DC13CC /* ZFLabel.h */ = {isa = PBXFileReference; fileEncoding = 4; lastKnownFileType = sourcecode.c.h; path = ZFLabel.h; sourceTree = "<group>"; };
		E16C7C8222BB63DF00DC13CC /* ZFLabel.m */ = {isa = PBXFileReference; fileEncoding = 4; lastKnownFileType = sourcecode.c.objc; path = ZFLabel.m; sourceTree = "<group>"; };
		E16C7C8322BB63DF00DC13CC /* ZFPopoverLabel.h */ = {isa = PBXFileReference; fileEncoding = 4; lastKnownFileType = sourcecode.c.h; path = ZFPopoverLabel.h; sourceTree = "<group>"; };
		E16C7C8422BB63DF00DC13CC /* ZFPopoverLabel.m */ = {isa = PBXFileReference; fileEncoding = 4; lastKnownFileType = sourcecode.c.objc; path = ZFPopoverLabel.m; sourceTree = "<group>"; };
		E16C7C8522BB63DF00DC13CC /* ZFXAxisLine.h */ = {isa = PBXFileReference; fileEncoding = 4; lastKnownFileType = sourcecode.c.h; path = ZFXAxisLine.h; sourceTree = "<group>"; };
		E16C7C8622BB63DF00DC13CC /* ZFXAxisLine.m */ = {isa = PBXFileReference; fileEncoding = 4; lastKnownFileType = sourcecode.c.objc; path = ZFXAxisLine.m; sourceTree = "<group>"; };
		E16C7C8722BB63DF00DC13CC /* ZFYAxisLine.h */ = {isa = PBXFileReference; fileEncoding = 4; lastKnownFileType = sourcecode.c.h; path = ZFYAxisLine.h; sourceTree = "<group>"; };
		E16C7C8822BB63DF00DC13CC /* ZFYAxisLine.m */ = {isa = PBXFileReference; fileEncoding = 4; lastKnownFileType = sourcecode.c.objc; path = ZFYAxisLine.m; sourceTree = "<group>"; };
		E16C7C8A22BB63DF00DC13CC /* ZFCurveAttribute.h */ = {isa = PBXFileReference; fileEncoding = 4; lastKnownFileType = sourcecode.c.h; path = ZFCurveAttribute.h; sourceTree = "<group>"; };
		E16C7C8B22BB63DF00DC13CC /* ZFCurveAttribute.m */ = {isa = PBXFileReference; fileEncoding = 4; lastKnownFileType = sourcecode.c.objc; path = ZFCurveAttribute.m; sourceTree = "<group>"; };
		E16C7C8C22BB63DF00DC13CC /* ZFGradientAttribute.h */ = {isa = PBXFileReference; fileEncoding = 4; lastKnownFileType = sourcecode.c.h; path = ZFGradientAttribute.h; sourceTree = "<group>"; };
		E16C7C8D22BB63DF00DC13CC /* ZFGradientAttribute.m */ = {isa = PBXFileReference; fileEncoding = 4; lastKnownFileType = sourcecode.c.objc; path = ZFGradientAttribute.m; sourceTree = "<group>"; };
		E16C7C8F22BB63DF00DC13CC /* ZFChart.h */ = {isa = PBXFileReference; fileEncoding = 4; lastKnownFileType = sourcecode.c.h; path = ZFChart.h; sourceTree = "<group>"; };
		E16C7C9022BB63DF00DC13CC /* ZFColor.h */ = {isa = PBXFileReference; fileEncoding = 4; lastKnownFileType = sourcecode.c.h; path = ZFColor.h; sourceTree = "<group>"; };
		E16C7C9122BB63DF00DC13CC /* ZFConst.h */ = {isa = PBXFileReference; fileEncoding = 4; lastKnownFileType = sourcecode.c.h; path = ZFConst.h; sourceTree = "<group>"; };
		E16C7C9222BB63DF00DC13CC /* ZFConst.m */ = {isa = PBXFileReference; fileEncoding = 4; lastKnownFileType = sourcecode.c.objc; path = ZFConst.m; sourceTree = "<group>"; };
		E16C7C9322BB63DF00DC13CC /* ZFMethod.h */ = {isa = PBXFileReference; fileEncoding = 4; lastKnownFileType = sourcecode.c.h; path = ZFMethod.h; sourceTree = "<group>"; };
		E16C7C9422BB63DF00DC13CC /* ZFMethod.m */ = {isa = PBXFileReference; fileEncoding = 4; lastKnownFileType = sourcecode.c.objc; path = ZFMethod.m; sourceTree = "<group>"; };
		E16C7C9622BB63DF00DC13CC /* ZFBar.h */ = {isa = PBXFileReference; fileEncoding = 4; lastKnownFileType = sourcecode.c.h; path = ZFBar.h; sourceTree = "<group>"; };
		E16C7C9722BB63DF00DC13CC /* ZFBar.m */ = {isa = PBXFileReference; fileEncoding = 4; lastKnownFileType = sourcecode.c.objc; path = ZFBar.m; sourceTree = "<group>"; };
		E16C7C9822BB63DF00DC13CC /* ZFBarChart.h */ = {isa = PBXFileReference; fileEncoding = 4; lastKnownFileType = sourcecode.c.h; path = ZFBarChart.h; sourceTree = "<group>"; };
		E16C7C9922BB63DF00DC13CC /* ZFBarChart.m */ = {isa = PBXFileReference; fileEncoding = 4; lastKnownFileType = sourcecode.c.objc; path = ZFBarChart.m; sourceTree = "<group>"; };
		E16C7C9B22BB63DF00DC13CC /* ZFCirque.h */ = {isa = PBXFileReference; fileEncoding = 4; lastKnownFileType = sourcecode.c.h; path = ZFCirque.h; sourceTree = "<group>"; };
		E16C7C9C22BB63DF00DC13CC /* ZFCirque.m */ = {isa = PBXFileReference; fileEncoding = 4; lastKnownFileType = sourcecode.c.objc; path = ZFCirque.m; sourceTree = "<group>"; };
		E16C7C9D22BB63DF00DC13CC /* ZFCirqueChart.h */ = {isa = PBXFileReference; fileEncoding = 4; lastKnownFileType = sourcecode.c.h; path = ZFCirqueChart.h; sourceTree = "<group>"; };
		E16C7C9E22BB63DF00DC13CC /* ZFCirqueChart.m */ = {isa = PBXFileReference; fileEncoding = 4; lastKnownFileType = sourcecode.c.objc; path = ZFCirqueChart.m; sourceTree = "<group>"; };
		E16C7CA022BB63DF00DC13CC /* ZFGenericAxis.h */ = {isa = PBXFileReference; fileEncoding = 4; lastKnownFileType = sourcecode.c.h; path = ZFGenericAxis.h; sourceTree = "<group>"; };
		E16C7CA122BB63DF00DC13CC /* ZFGenericAxis.m */ = {isa = PBXFileReference; fileEncoding = 4; lastKnownFileType = sourcecode.c.objc; path = ZFGenericAxis.m; sourceTree = "<group>"; };
		E16C7CA322BB63DF00DC13CC /* ZFGenericChart.h */ = {isa = PBXFileReference; fileEncoding = 4; lastKnownFileType = sourcecode.c.h; path = ZFGenericChart.h; sourceTree = "<group>"; };
		E16C7CA422BB63DF00DC13CC /* ZFGenericChart.m */ = {isa = PBXFileReference; fileEncoding = 4; lastKnownFileType = sourcecode.c.objc; path = ZFGenericChart.m; sourceTree = "<group>"; };
		E16C7CA622BB63DF00DC13CC /* ZFHorizontalAxis.h */ = {isa = PBXFileReference; fileEncoding = 4; lastKnownFileType = sourcecode.c.h; path = ZFHorizontalAxis.h; sourceTree = "<group>"; };
		E16C7CA722BB63DF00DC13CC /* ZFHorizontalAxis.m */ = {isa = PBXFileReference; fileEncoding = 4; lastKnownFileType = sourcecode.c.objc; path = ZFHorizontalAxis.m; sourceTree = "<group>"; };
		E16C7CA922BB63DF00DC13CC /* ZFHorizontalBar.h */ = {isa = PBXFileReference; fileEncoding = 4; lastKnownFileType = sourcecode.c.h; path = ZFHorizontalBar.h; sourceTree = "<group>"; };
		E16C7CAA22BB63DF00DC13CC /* ZFHorizontalBar.m */ = {isa = PBXFileReference; fileEncoding = 4; lastKnownFileType = sourcecode.c.objc; path = ZFHorizontalBar.m; sourceTree = "<group>"; };
		E16C7CAB22BB63DF00DC13CC /* ZFHorizontalBarChart.h */ = {isa = PBXFileReference; fileEncoding = 4; lastKnownFileType = sourcecode.c.h; path = ZFHorizontalBarChart.h; sourceTree = "<group>"; };
		E16C7CAC22BB63DF00DC13CC /* ZFHorizontalBarChart.m */ = {isa = PBXFileReference; fileEncoding = 4; lastKnownFileType = sourcecode.c.objc; path = ZFHorizontalBarChart.m; sourceTree = "<group>"; };
		E16C7CAE22BB63DF00DC13CC /* ZFCircle.h */ = {isa = PBXFileReference; fileEncoding = 4; lastKnownFileType = sourcecode.c.h; path = ZFCircle.h; sourceTree = "<group>"; };
		E16C7CAF22BB63DF00DC13CC /* ZFCircle.m */ = {isa = PBXFileReference; fileEncoding = 4; lastKnownFileType = sourcecode.c.objc; path = ZFCircle.m; sourceTree = "<group>"; };
		E16C7CB022BB63DF00DC13CC /* ZFLine.h */ = {isa = PBXFileReference; fileEncoding = 4; lastKnownFileType = sourcecode.c.h; path = ZFLine.h; sourceTree = "<group>"; };
		E16C7CB122BB63DF00DC13CC /* ZFLine.m */ = {isa = PBXFileReference; fileEncoding = 4; lastKnownFileType = sourcecode.c.objc; path = ZFLine.m; sourceTree = "<group>"; };
		E16C7CB222BB63DF00DC13CC /* ZFLineChart.h */ = {isa = PBXFileReference; fileEncoding = 4; lastKnownFileType = sourcecode.c.h; path = ZFLineChart.h; sourceTree = "<group>"; };
		E16C7CB322BB63DF00DC13CC /* ZFLineChart.m */ = {isa = PBXFileReference; fileEncoding = 4; lastKnownFileType = sourcecode.c.objc; path = ZFLineChart.m; sourceTree = "<group>"; };
		E16C7CB522BB63DF00DC13CC /* ZFPie.h */ = {isa = PBXFileReference; fileEncoding = 4; lastKnownFileType = sourcecode.c.h; path = ZFPie.h; sourceTree = "<group>"; };
		E16C7CB622BB63DF00DC13CC /* ZFPie.m */ = {isa = PBXFileReference; fileEncoding = 4; lastKnownFileType = sourcecode.c.objc; path = ZFPie.m; sourceTree = "<group>"; };
		E16C7CB722BB63DF00DC13CC /* ZFPieChart.h */ = {isa = PBXFileReference; fileEncoding = 4; lastKnownFileType = sourcecode.c.h; path = ZFPieChart.h; sourceTree = "<group>"; };
		E16C7CB822BB63DF00DC13CC /* ZFPieChart.m */ = {isa = PBXFileReference; fileEncoding = 4; lastKnownFileType = sourcecode.c.objc; path = ZFPieChart.m; sourceTree = "<group>"; };
		E16C7CB922BB63DF00DC13CC /* ZFTranslucencePath.h */ = {isa = PBXFileReference; fileEncoding = 4; lastKnownFileType = sourcecode.c.h; path = ZFTranslucencePath.h; sourceTree = "<group>"; };
		E16C7CBA22BB63DF00DC13CC /* ZFTranslucencePath.m */ = {isa = PBXFileReference; fileEncoding = 4; lastKnownFileType = sourcecode.c.objc; path = ZFTranslucencePath.m; sourceTree = "<group>"; };
		E16C7CBC22BB63DF00DC13CC /* ZFPolygon.h */ = {isa = PBXFileReference; fileEncoding = 4; lastKnownFileType = sourcecode.c.h; path = ZFPolygon.h; sourceTree = "<group>"; };
		E16C7CBD22BB63DF00DC13CC /* ZFPolygon.m */ = {isa = PBXFileReference; fileEncoding = 4; lastKnownFileType = sourcecode.c.objc; path = ZFPolygon.m; sourceTree = "<group>"; };
		E16C7CBE22BB63DF00DC13CC /* ZFRadar.h */ = {isa = PBXFileReference; fileEncoding = 4; lastKnownFileType = sourcecode.c.h; path = ZFRadar.h; sourceTree = "<group>"; };
		E16C7CBF22BB63DF00DC13CC /* ZFRadar.m */ = {isa = PBXFileReference; fileEncoding = 4; lastKnownFileType = sourcecode.c.objc; path = ZFRadar.m; sourceTree = "<group>"; };
		E16C7CC022BB63DF00DC13CC /* ZFRadarChart.h */ = {isa = PBXFileReference; fileEncoding = 4; lastKnownFileType = sourcecode.c.h; path = ZFRadarChart.h; sourceTree = "<group>"; };
		E16C7CC122BB63DF00DC13CC /* ZFRadarChart.m */ = {isa = PBXFileReference; fileEncoding = 4; lastKnownFileType = sourcecode.c.objc; path = ZFRadarChart.m; sourceTree = "<group>"; };
		E16C7CC322BB63DF00DC13CC /* ZFWave.h */ = {isa = PBXFileReference; fileEncoding = 4; lastKnownFileType = sourcecode.c.h; path = ZFWave.h; sourceTree = "<group>"; };
		E16C7CC422BB63DF00DC13CC /* ZFWave.m */ = {isa = PBXFileReference; fileEncoding = 4; lastKnownFileType = sourcecode.c.objc; path = ZFWave.m; sourceTree = "<group>"; };
		E16C7CC522BB63DF00DC13CC /* ZFWaveChart.h */ = {isa = PBXFileReference; fileEncoding = 4; lastKnownFileType = sourcecode.c.h; path = ZFWaveChart.h; sourceTree = "<group>"; };
		E16C7CC622BB63DF00DC13CC /* ZFWaveChart.m */ = {isa = PBXFileReference; fileEncoding = 4; lastKnownFileType = sourcecode.c.objc; path = ZFWaveChart.m; sourceTree = "<group>"; };
		E16C7CE822BB68A200DC13CC /* MQTTManager.h */ = {isa = PBXFileReference; lastKnownFileType = sourcecode.c.h; path = MQTTManager.h; sourceTree = "<group>"; };
		E16C7CE922BB68A200DC13CC /* MQTTManager.m */ = {isa = PBXFileReference; lastKnownFileType = sourcecode.c.objc; path = MQTTManager.m; sourceTree = "<group>"; };
		E16C7CEB22BB848E00DC13CC /* UIView+Extension.h */ = {isa = PBXFileReference; fileEncoding = 4; lastKnownFileType = sourcecode.c.h; path = "UIView+Extension.h"; sourceTree = "<group>"; };
		E16C7CEC22BB848E00DC13CC /* UIView+Extension.m */ = {isa = PBXFileReference; fileEncoding = 4; lastKnownFileType = sourcecode.c.objc; path = "UIView+Extension.m"; sourceTree = "<group>"; };
		E552899722BE3CC8004EC3C3 /* MainHeaderView.h */ = {isa = PBXFileReference; lastKnownFileType = sourcecode.c.h; path = MainHeaderView.h; sourceTree = "<group>"; };
		E552899822BE3CC8004EC3C3 /* MainHeaderView.m */ = {isa = PBXFileReference; lastKnownFileType = sourcecode.c.objc; path = MainHeaderView.m; sourceTree = "<group>"; };
		E552899C22BE3E8B004EC3C3 /* Agency_Bold.ttf */ = {isa = PBXFileReference; lastKnownFileType = file; path = Agency_Bold.ttf; sourceTree = "<group>"; };
		E552899F22BE52BA004EC3C3 /* DefaultViewCell.m */ = {isa = PBXFileReference; fileEncoding = 4; lastKnownFileType = sourcecode.c.objc; path = DefaultViewCell.m; sourceTree = "<group>"; };
		E55289A022BE52BA004EC3C3 /* DefaultViewCell.h */ = {isa = PBXFileReference; fileEncoding = 4; lastKnownFileType = sourcecode.c.h; path = DefaultViewCell.h; sourceTree = "<group>"; };
		E55289A322BE58A6004EC3C3 /* ClientAlertView.h */ = {isa = PBXFileReference; lastKnownFileType = sourcecode.c.h; path = ClientAlertView.h; sourceTree = "<group>"; };
		E55289A422BE58A6004EC3C3 /* ClientAlertView.m */ = {isa = PBXFileReference; lastKnownFileType = sourcecode.c.objc; path = ClientAlertView.m; sourceTree = "<group>"; };
		E55289A622BE5F93004EC3C3 /* ClientAlertViewCell.h */ = {isa = PBXFileReference; lastKnownFileType = sourcecode.c.h; path = ClientAlertViewCell.h; sourceTree = "<group>"; };
		E55289A722BE5F93004EC3C3 /* ClientAlertViewCell.m */ = {isa = PBXFileReference; lastKnownFileType = sourcecode.c.objc; path = ClientAlertViewCell.m; sourceTree = "<group>"; };
		E55F54E822C2962B007896B4 /* ESPTouchDelegate.h */ = {isa = PBXFileReference; fileEncoding = 4; lastKnownFileType = sourcecode.c.h; path = ESPTouchDelegate.h; sourceTree = "<group>"; };
		E55F54E922C2962B007896B4 /* ESPTouchResult.h */ = {isa = PBXFileReference; fileEncoding = 4; lastKnownFileType = sourcecode.c.h; path = ESPTouchResult.h; sourceTree = "<group>"; };
		E55F54EA22C2962B007896B4 /* ESPTouchTask.h */ = {isa = PBXFileReference; fileEncoding = 4; lastKnownFileType = sourcecode.c.h; path = ESPTouchTask.h; sourceTree = "<group>"; };
		E55F54EB22C29634007896B4 /* ESPTouchTaskParameter.m */ = {isa = PBXFileReference; fileEncoding = 4; lastKnownFileType = sourcecode.c.objc; path = ESPTouchTaskParameter.m; sourceTree = "<group>"; };
		E55F54EC22C29634007896B4 /* ESPTouchTaskParameter.h */ = {isa = PBXFileReference; fileEncoding = 4; lastKnownFileType = sourcecode.c.h; path = ESPTouchTaskParameter.h; sourceTree = "<group>"; };
		E55F54ED22C29634007896B4 /* ESPTouchResult.m */ = {isa = PBXFileReference; fileEncoding = 4; lastKnownFileType = sourcecode.c.objc; path = ESPTouchResult.m; sourceTree = "<group>"; };
		E55F54EE22C29634007896B4 /* ESPTouchTask.m */ = {isa = PBXFileReference; fileEncoding = 4; lastKnownFileType = sourcecode.c.objc; path = ESPTouchTask.m; sourceTree = "<group>"; };
		E55F54F322C2965E007896B4 /* ESP_WifiUtil.h */ = {isa = PBXFileReference; fileEncoding = 4; lastKnownFileType = sourcecode.c.h; path = ESP_WifiUtil.h; sourceTree = "<group>"; };
		E55F54F422C2965E007896B4 /* ESP_ByteUtil.h */ = {isa = PBXFileReference; fileEncoding = 4; lastKnownFileType = sourcecode.c.h; path = ESP_ByteUtil.h; sourceTree = "<group>"; };
		E55F54F522C2965E007896B4 /* ESP_NetUtil.h */ = {isa = PBXFileReference; fileEncoding = 4; lastKnownFileType = sourcecode.c.h; path = ESP_NetUtil.h; sourceTree = "<group>"; };
		E55F54F622C2965E007896B4 /* ESP_WifiUtil.m */ = {isa = PBXFileReference; fileEncoding = 4; lastKnownFileType = sourcecode.c.objc; path = ESP_WifiUtil.m; sourceTree = "<group>"; };
		E55F54F722C2965E007896B4 /* ESPAES.m */ = {isa = PBXFileReference; fileEncoding = 4; lastKnownFileType = sourcecode.c.objc; path = ESPAES.m; sourceTree = "<group>"; };
		E55F54F822C2965E007896B4 /* ESP_ByteUtil.m */ = {isa = PBXFileReference; fileEncoding = 4; lastKnownFileType = sourcecode.c.objc; path = ESP_ByteUtil.m; sourceTree = "<group>"; };
		E55F54F922C2965E007896B4 /* ESP_CRC8.m */ = {isa = PBXFileReference; fileEncoding = 4; lastKnownFileType = sourcecode.c.objc; path = ESP_CRC8.m; sourceTree = "<group>"; };
		E55F54FA22C2965E007896B4 /* ESP_NetUtil.m */ = {isa = PBXFileReference; fileEncoding = 4; lastKnownFileType = sourcecode.c.objc; path = ESP_NetUtil.m; sourceTree = "<group>"; };
		E55F54FB22C2965E007896B4 /* ESPAES.h */ = {isa = PBXFileReference; fileEncoding = 4; lastKnownFileType = sourcecode.c.h; path = ESPAES.h; sourceTree = "<group>"; };
		E55F54FC22C2965E007896B4 /* ESP_CRC8.h */ = {isa = PBXFileReference; fileEncoding = 4; lastKnownFileType = sourcecode.c.h; path = ESP_CRC8.h; sourceTree = "<group>"; };
		E55F54FD22C2965E007896B4 /* ESPVersionMacro.h */ = {isa = PBXFileReference; fileEncoding = 4; lastKnownFileType = sourcecode.c.h; path = ESPVersionMacro.h; sourceTree = "<group>"; };
		E55F554522C2968B007896B4 /* ESPDatumCode.m */ = {isa = PBXFileReference; fileEncoding = 4; lastKnownFileType = sourcecode.c.objc; path = ESPDatumCode.m; sourceTree = "<group>"; };
		E55F554622C2968C007896B4 /* ESPTouchGenerator.m */ = {isa = PBXFileReference; fileEncoding = 4; lastKnownFileType = sourcecode.c.objc; path = ESPTouchGenerator.m; sourceTree = "<group>"; };
		E55F554722C2968C007896B4 /* ESPTouchGenerator.h */ = {isa = PBXFileReference; fileEncoding = 4; lastKnownFileType = sourcecode.c.h; path = ESPTouchGenerator.h; sourceTree = "<group>"; };
		E55F554822C2968C007896B4 /* ESPDataCode.m */ = {isa = PBXFileReference; fileEncoding = 4; lastKnownFileType = sourcecode.c.objc; path = ESPDataCode.m; sourceTree = "<group>"; };
		E55F554922C2968C007896B4 /* ESPDataCode.h */ = {isa = PBXFileReference; fileEncoding = 4; lastKnownFileType = sourcecode.c.h; path = ESPDataCode.h; sourceTree = "<group>"; };
		E55F554A22C2968C007896B4 /* ESPGuideCode.h */ = {isa = PBXFileReference; fileEncoding = 4; lastKnownFileType = sourcecode.c.h; path = ESPGuideCode.h; sourceTree = "<group>"; };
		E55F554B22C2968C007896B4 /* ESPDatumCode.h */ = {isa = PBXFileReference; fileEncoding = 4; lastKnownFileType = sourcecode.c.h; path = ESPDatumCode.h; sourceTree = "<group>"; };
		E55F554C22C2968C007896B4 /* ESPGuideCode.m */ = {isa = PBXFileReference; fileEncoding = 4; lastKnownFileType = sourcecode.c.objc; path = ESPGuideCode.m; sourceTree = "<group>"; };
		E55F555222C296A9007896B4 /* ESPUDPSocketClient.h */ = {isa = PBXFileReference; fileEncoding = 4; lastKnownFileType = sourcecode.c.h; path = ESPUDPSocketClient.h; sourceTree = "<group>"; };
		E55F555322C296A9007896B4 /* ESPUDPSocketServer.m */ = {isa = PBXFileReference; fileEncoding = 4; lastKnownFileType = sourcecode.c.objc; path = ESPUDPSocketServer.m; sourceTree = "<group>"; };
		E55F555422C296A9007896B4 /* ESPUDPSocketServer.h */ = {isa = PBXFileReference; fileEncoding = 4; lastKnownFileType = sourcecode.c.h; path = ESPUDPSocketServer.h; sourceTree = "<group>"; };
		E55F555522C296A9007896B4 /* ESPUDPSocketClient.m */ = {isa = PBXFileReference; fileEncoding = 4; lastKnownFileType = sourcecode.c.objc; path = ESPUDPSocketClient.m; sourceTree = "<group>"; };
/* End PBXFileReference section */

/* Begin PBXFrameworksBuildPhase section */
		E16C7C0A22BB56AB00DC13CC /* Frameworks */ = {
			isa = PBXFrameworksBuildPhase;
			buildActionMask = 2147483647;
			files = (
				8B25DD349385800CEEDE1864 /* libPods-DongJia.a in Frameworks */,
			);
			runOnlyForDeploymentPostprocessing = 0;
		};
/* End PBXFrameworksBuildPhase section */

/* Begin PBXGroup section */
		392BE3DACE4D16E7DE7B2539 /* Pods */ = {
			isa = PBXGroup;
			children = (
				0C70EDD897D0EC8A2D633111 /* Pods-DongJia.debug.xcconfig */,
				0BDD7F9F26BFACFFEA0AC1D0 /* Pods-DongJia.release.xcconfig */,
			);
			name = Pods;
			sourceTree = "<group>";
		};
		51B504C7C88175AC94C3F44D /* Frameworks */ = {
			isa = PBXGroup;
			children = (
				142A6ABF5534F00655DEE71E /* libPods-DongJia.a */,
			);
			name = Frameworks;
			sourceTree = "<group>";
		};
		E169BF1622BC6C7E000990BD /* Main */ = {
			isa = PBXGroup;
			children = (
				E169BF2C22BCC7E0000990BD /* MainClientCell.h */,
				E169BF2D22BCC7E0000990BD /* MainClientCell.m */,
				E552899722BE3CC8004EC3C3 /* MainHeaderView.h */,
				E552899822BE3CC8004EC3C3 /* MainHeaderView.m */,
				E55289A322BE58A6004EC3C3 /* ClientAlertView.h */,
				E55289A422BE58A6004EC3C3 /* ClientAlertView.m */,
				E55289A622BE5F93004EC3C3 /* ClientAlertViewCell.h */,
				E55289A722BE5F93004EC3C3 /* ClientAlertViewCell.m */,
				E143CE3B22C220C400766D9D /* MainLeftMenuView.h */,
				E143CE3C22C220C400766D9D /* MainLeftMenuView.m */,
			);
			path = Main;
			sourceTree = "<group>";
		};
		E16C7C0422BB56AB00DC13CC = {
			isa = PBXGroup;
			children = (
				E16C7C0F22BB56AB00DC13CC /* DongJia */,
				E16C7C0E22BB56AB00DC13CC /* Products */,
				392BE3DACE4D16E7DE7B2539 /* Pods */,
				51B504C7C88175AC94C3F44D /* Frameworks */,
			);
			sourceTree = "<group>";
		};
		E16C7C0E22BB56AB00DC13CC /* Products */ = {
			isa = PBXGroup;
			children = (
				E16C7C0D22BB56AB00DC13CC /* DongJia.app */,
			);
			name = Products;
			sourceTree = "<group>";
		};
		E16C7C0F22BB56AB00DC13CC /* DongJia */ = {
			isa = PBXGroup;
			children = (
				E16C7C2622BB5C5700DC13CC /* Classes */,
			);
			path = DongJia;
			sourceTree = "<group>";
		};
		E16C7C2622BB5C5700DC13CC /* Classes */ = {
			isa = PBXGroup;
			children = (
				E16C7C2722BB5C5700DC13CC /* APPDelegate */,
				E16C7C2822BB5C5700DC13CC /* General */,
				E16C7C2C22BB5C5700DC13CC /* Helpers */,
				E16C7C2D22BB5C5700DC13CC /* Macros */,
				E16C7C2E22BB5C5700DC13CC /* Models */,
				E16C7C2F22BB5C5700DC13CC /* Resources */,
				E16C7C3022BB5C5700DC13CC /* Scenes */,
				E16C7C3322BB5C5700DC13CC /* Vendors */,
			);
			path = Classes;
			sourceTree = "<group>";
		};
		E16C7C2722BB5C5700DC13CC /* APPDelegate */ = {
			isa = PBXGroup;
			children = (
				E16C7C1022BB56AB00DC13CC /* AppDelegate.h */,
				E16C7C1122BB56AB00DC13CC /* AppDelegate.m */,
				E16C7C1F22BB56B100DC13CC /* main.m */,
				E16C7C1E22BB56B100DC13CC /* Info.plist */,
			);
			path = APPDelegate;
			sourceTree = "<group>";
		};
		E16C7C2822BB5C5700DC13CC /* General */ = {
			isa = PBXGroup;
			children = (
				E16C7C2922BB5C5700DC13CC /* Categories */,
				E16C7C2A22BB5C5700DC13CC /* ViewControllers */,
				E16C7C2B22BB5C5700DC13CC /* Views */,
			);
			path = General;
			sourceTree = "<group>";
		};
		E16C7C2922BB5C5700DC13CC /* Categories */ = {
			isa = PBXGroup;
			children = (
				E169BF2F22BCD1AF000990BD /* UIView+Toast.h */,
				E169BF3022BCD1AF000990BD /* UIView+Toast.m */,
				E16C7CEB22BB848E00DC13CC /* UIView+Extension.h */,
				E16C7CEC22BB848E00DC13CC /* UIView+Extension.m */,
				E16C7C4B22BB5E3800DC13CC /* NSArray+JSON.h */,
				E16C7C3F22BB5E3700DC13CC /* NSArray+JSON.m */,
				E16C7C3722BB5E3600DC13CC /* UIButton+EdgeInsets.h */,
				E16C7C4322BB5E3700DC13CC /* UIButton+EdgeInsets.m */,
				E16C7C4522BB5E3700DC13CC /* UIColor+HexStringColor.h */,
				E16C7C3E22BB5E3700DC13CC /* UIColor+HexStringColor.m */,
				E16C7C3522BB5E3600DC13CC /* UIImage+Color.h */,
				E16C7C4422BB5E3700DC13CC /* UIImage+Color.m */,
				E16C7C3B22BB5E3600DC13CC /* UIImage+Gif.h */,
				E16C7C3D22BB5E3700DC13CC /* UIImage+Gif.m */,
				E16C7C4922BB5E3800DC13CC /* UIImage+WLCompress.h */,
				E16C7C4622BB5E3700DC13CC /* UIImage+WLCompress.m */,
				E16C7C4022BB5E3700DC13CC /* UILabel+VerticalText.h */,
				E16C7C4122BB5E3700DC13CC /* UILabel+VerticalText.m */,
				E16C7C3822BB5E3600DC13CC /* UINavigationBar+BackgroundColor.h */,
				E16C7C4722BB5E3700DC13CC /* UINavigationBar+BackgroundColor.m */,
				E16C7C3A22BB5E3600DC13CC /* UITextView+PlaceHolder.h */,
				E16C7C3C22BB5E3700DC13CC /* UITextView+PlaceHolder.m */,
				E16C7C4222BB5E3700DC13CC /* UIView+LBExtension.h */,
				E16C7C3922BB5E3600DC13CC /* UIView+LBExtension.m */,
				E16C7C4C22BB5E3800DC13CC /* UIViewController+CustomNavigationBar.h */,
				E16C7C4A22BB5E3800DC13CC /* UIViewController+CustomNavigationBar.m */,
				E16C7C4822BB5E3700DC13CC /* UIViewController+VFInsert.h */,
				E16C7C3622BB5E3600DC13CC /* UIViewController+VFInsert.m */,
			);
			path = Categories;
			sourceTree = "<group>";
		};
		E16C7C2A22BB5C5700DC13CC /* ViewControllers */ = {
			isa = PBXGroup;
			children = (
			);
			path = ViewControllers;
			sourceTree = "<group>";
		};
		E16C7C2B22BB5C5700DC13CC /* Views */ = {
			isa = PBXGroup;
			children = (
			);
			path = Views;
			sourceTree = "<group>";
		};
		E16C7C2C22BB5C5700DC13CC /* Helpers */ = {
			isa = PBXGroup;
			children = (
				E16C7CE822BB68A200DC13CC /* MQTTManager.h */,
				E16C7CE922BB68A200DC13CC /* MQTTManager.m */,
			);
			path = Helpers;
			sourceTree = "<group>";
		};
		E16C7C2D22BB5C5700DC13CC /* Macros */ = {
			isa = PBXGroup;
			children = (
				E16C7C3422BB5DBB00DC13CC /* SDPrefixHeader.pch */,
			);
			path = Macros;
			sourceTree = "<group>";
		};
		E16C7C2E22BB5C5700DC13CC /* Models */ = {
			isa = PBXGroup;
			children = (
				E169BF1722BC6CB2000990BD /* MQTTMessageModel.h */,
				E169BF1822BC6CB2000990BD /* MQTTMessageModel.m */,
				E169BF2922BCC43D000990BD /* ClientModel.h */,
				E169BF2A22BCC43D000990BD /* ClientModel.m */,
				E169BF2322BC9284000990BD /* SwitchModel.h */,
				E169BF2422BC9284000990BD /* SwitchModel.m */,
			);
			path = Models;
			sourceTree = "<group>";
		};
		E16C7C2F22BB5C5700DC13CC /* Resources */ = {
			isa = PBXGroup;
			children = (
				E552899C22BE3E8B004EC3C3 /* Agency_Bold.ttf */,
				E16C7C1922BB56B100DC13CC /* Assets.xcassets */,
				E16C7C1B22BB56B100DC13CC /* LaunchScreen.storyboard */,
			);
			path = Resources;
			sourceTree = "<group>";
		};
		E16C7C3022BB5C5700DC13CC /* Scenes */ = {
			isa = PBXGroup;
			children = (
				E16C7C3122BB5C5700DC13CC /* ViewControllers */,
				E16C7C3222BB5C5700DC13CC /* Views */,
			);
			path = Scenes;
			sourceTree = "<group>";
		};
		E16C7C3122BB5C5700DC13CC /* ViewControllers */ = {
			isa = PBXGroup;
			children = (
				E16C7C5B22BB61A800DC13CC /* Base */,
				E16C7C5922BB615C00DC13CC /* Main */,
			);
			path = ViewControllers;
			sourceTree = "<group>";
		};
		E16C7C3222BB5C5700DC13CC /* Views */ = {
			isa = PBXGroup;
			children = (
				E552899E22BE52A8004EC3C3 /* Common */,
				E169BF1622BC6C7E000990BD /* Main */,
			);
			path = Views;
			sourceTree = "<group>";
		};
		E16C7C3322BB5C5700DC13CC /* Vendors */ = {
			isa = PBXGroup;
			children = (
				E55F54A522C2953A007896B4 /* SmartConfig */,
				E16C7C7422BB63DF00DC13CC /* ZFChart */,
			);
			path = Vendors;
			sourceTree = "<group>";
		};
		E16C7C5922BB615C00DC13CC /* Main */ = {
			isa = PBXGroup;
			children = (
				E16C7C5F22BB61EE00DC13CC /* MainViewController.h */,
				E16C7C6022BB61EE00DC13CC /* MainViewController.m */,
			);
			path = Main;
			sourceTree = "<group>";
		};
		E16C7C5B22BB61A800DC13CC /* Base */ = {
			isa = PBXGroup;
			children = (
				E16C7C5C22BB61C100DC13CC /* BaseViewController.h */,
				E16C7C5D22BB61C100DC13CC /* BaseViewController.m */,
			);
			path = Base;
			sourceTree = "<group>";
		};
		E16C7C7422BB63DF00DC13CC /* ZFChart */ = {
			isa = PBXGroup;
			children = (
				E16C7C7522BB63DF00DC13CC /* Category */,
				E16C7C8022BB63DF00DC13CC /* Component */,
				E16C7C8922BB63DF00DC13CC /* Model */,
				E16C7C8E22BB63DF00DC13CC /* Other */,
				E16C7C9522BB63DF00DC13CC /* ZFBarChart */,
				E16C7C9A22BB63DF00DC13CC /* ZFCirqueChart */,
				E16C7C9F22BB63DF00DC13CC /* ZFGenericAxis */,
				E16C7CA222BB63DF00DC13CC /* ZFGenericChart */,
				E16C7CA522BB63DF00DC13CC /* ZFHorizontalAxis */,
				E16C7CA822BB63DF00DC13CC /* ZFHorizontalBarChart */,
				E16C7CAD22BB63DF00DC13CC /* ZFLineChart */,
				E16C7CB422BB63DF00DC13CC /* ZFPieChart */,
				E16C7CBB22BB63DF00DC13CC /* ZFRadarChart */,
				E16C7CC222BB63DF00DC13CC /* ZFWaveChart */,
			);
			path = ZFChart;
			sourceTree = "<group>";
		};
		E16C7C7522BB63DF00DC13CC /* Category */ = {
			isa = PBXGroup;
			children = (
				E16C7C7622BB63DF00DC13CC /* NSNumber+Zirkfied.h */,
				E16C7C7722BB63DF00DC13CC /* NSNumber+Zirkfied.m */,
				E16C7C7822BB63DF00DC13CC /* NSString+Zirkfied.h */,
				E16C7C7922BB63DF00DC13CC /* NSString+Zirkfied.m */,
				E16C7C7A22BB63DF00DC13CC /* UIBezierPath+Zirkfied.h */,
				E16C7C7B22BB63DF00DC13CC /* UIBezierPath+Zirkfied.m */,
				E16C7C7C22BB63DF00DC13CC /* UIColor+Zirkfied.h */,
				E16C7C7D22BB63DF00DC13CC /* UIColor+Zirkfied.m */,
				E16C7C7E22BB63DF00DC13CC /* UIView+Zirkfied.h */,
				E16C7C7F22BB63DF00DC13CC /* UIView+Zirkfied.m */,
			);
			path = Category;
			sourceTree = "<group>";
		};
		E16C7C8022BB63DF00DC13CC /* Component */ = {
			isa = PBXGroup;
			children = (
				E16C7C8122BB63DF00DC13CC /* ZFLabel.h */,
				E16C7C8222BB63DF00DC13CC /* ZFLabel.m */,
				E16C7C8322BB63DF00DC13CC /* ZFPopoverLabel.h */,
				E16C7C8422BB63DF00DC13CC /* ZFPopoverLabel.m */,
				E16C7C8522BB63DF00DC13CC /* ZFXAxisLine.h */,
				E16C7C8622BB63DF00DC13CC /* ZFXAxisLine.m */,
				E16C7C8722BB63DF00DC13CC /* ZFYAxisLine.h */,
				E16C7C8822BB63DF00DC13CC /* ZFYAxisLine.m */,
			);
			path = Component;
			sourceTree = "<group>";
		};
		E16C7C8922BB63DF00DC13CC /* Model */ = {
			isa = PBXGroup;
			children = (
				E16C7C8A22BB63DF00DC13CC /* ZFCurveAttribute.h */,
				E16C7C8B22BB63DF00DC13CC /* ZFCurveAttribute.m */,
				E16C7C8C22BB63DF00DC13CC /* ZFGradientAttribute.h */,
				E16C7C8D22BB63DF00DC13CC /* ZFGradientAttribute.m */,
			);
			path = Model;
			sourceTree = "<group>";
		};
		E16C7C8E22BB63DF00DC13CC /* Other */ = {
			isa = PBXGroup;
			children = (
				E16C7C8F22BB63DF00DC13CC /* ZFChart.h */,
				E16C7C9022BB63DF00DC13CC /* ZFColor.h */,
				E16C7C9122BB63DF00DC13CC /* ZFConst.h */,
				E16C7C9222BB63DF00DC13CC /* ZFConst.m */,
				E16C7C9322BB63DF00DC13CC /* ZFMethod.h */,
				E16C7C9422BB63DF00DC13CC /* ZFMethod.m */,
			);
			path = Other;
			sourceTree = "<group>";
		};
		E16C7C9522BB63DF00DC13CC /* ZFBarChart */ = {
			isa = PBXGroup;
			children = (
				E16C7C9622BB63DF00DC13CC /* ZFBar.h */,
				E16C7C9722BB63DF00DC13CC /* ZFBar.m */,
				E16C7C9822BB63DF00DC13CC /* ZFBarChart.h */,
				E16C7C9922BB63DF00DC13CC /* ZFBarChart.m */,
			);
			path = ZFBarChart;
			sourceTree = "<group>";
		};
		E16C7C9A22BB63DF00DC13CC /* ZFCirqueChart */ = {
			isa = PBXGroup;
			children = (
				E16C7C9B22BB63DF00DC13CC /* ZFCirque.h */,
				E16C7C9C22BB63DF00DC13CC /* ZFCirque.m */,
				E16C7C9D22BB63DF00DC13CC /* ZFCirqueChart.h */,
				E16C7C9E22BB63DF00DC13CC /* ZFCirqueChart.m */,
			);
			path = ZFCirqueChart;
			sourceTree = "<group>";
		};
		E16C7C9F22BB63DF00DC13CC /* ZFGenericAxis */ = {
			isa = PBXGroup;
			children = (
				E16C7CA022BB63DF00DC13CC /* ZFGenericAxis.h */,
				E16C7CA122BB63DF00DC13CC /* ZFGenericAxis.m */,
			);
			path = ZFGenericAxis;
			sourceTree = "<group>";
		};
		E16C7CA222BB63DF00DC13CC /* ZFGenericChart */ = {
			isa = PBXGroup;
			children = (
				E16C7CA322BB63DF00DC13CC /* ZFGenericChart.h */,
				E16C7CA422BB63DF00DC13CC /* ZFGenericChart.m */,
			);
			path = ZFGenericChart;
			sourceTree = "<group>";
		};
		E16C7CA522BB63DF00DC13CC /* ZFHorizontalAxis */ = {
			isa = PBXGroup;
			children = (
				E16C7CA622BB63DF00DC13CC /* ZFHorizontalAxis.h */,
				E16C7CA722BB63DF00DC13CC /* ZFHorizontalAxis.m */,
			);
			path = ZFHorizontalAxis;
			sourceTree = "<group>";
		};
		E16C7CA822BB63DF00DC13CC /* ZFHorizontalBarChart */ = {
			isa = PBXGroup;
			children = (
				E16C7CA922BB63DF00DC13CC /* ZFHorizontalBar.h */,
				E16C7CAA22BB63DF00DC13CC /* ZFHorizontalBar.m */,
				E16C7CAB22BB63DF00DC13CC /* ZFHorizontalBarChart.h */,
				E16C7CAC22BB63DF00DC13CC /* ZFHorizontalBarChart.m */,
			);
			path = ZFHorizontalBarChart;
			sourceTree = "<group>";
		};
		E16C7CAD22BB63DF00DC13CC /* ZFLineChart */ = {
			isa = PBXGroup;
			children = (
				E16C7CAE22BB63DF00DC13CC /* ZFCircle.h */,
				E16C7CAF22BB63DF00DC13CC /* ZFCircle.m */,
				E16C7CB022BB63DF00DC13CC /* ZFLine.h */,
				E16C7CB122BB63DF00DC13CC /* ZFLine.m */,
				E16C7CB222BB63DF00DC13CC /* ZFLineChart.h */,
				E16C7CB322BB63DF00DC13CC /* ZFLineChart.m */,
			);
			path = ZFLineChart;
			sourceTree = "<group>";
		};
		E16C7CB422BB63DF00DC13CC /* ZFPieChart */ = {
			isa = PBXGroup;
			children = (
				E16C7CB522BB63DF00DC13CC /* ZFPie.h */,
				E16C7CB622BB63DF00DC13CC /* ZFPie.m */,
				E16C7CB722BB63DF00DC13CC /* ZFPieChart.h */,
				E16C7CB822BB63DF00DC13CC /* ZFPieChart.m */,
				E16C7CB922BB63DF00DC13CC /* ZFTranslucencePath.h */,
				E16C7CBA22BB63DF00DC13CC /* ZFTranslucencePath.m */,
			);
			path = ZFPieChart;
			sourceTree = "<group>";
		};
		E16C7CBB22BB63DF00DC13CC /* ZFRadarChart */ = {
			isa = PBXGroup;
			children = (
				E16C7CBC22BB63DF00DC13CC /* ZFPolygon.h */,
				E16C7CBD22BB63DF00DC13CC /* ZFPolygon.m */,
				E16C7CBE22BB63DF00DC13CC /* ZFRadar.h */,
				E16C7CBF22BB63DF00DC13CC /* ZFRadar.m */,
				E16C7CC022BB63DF00DC13CC /* ZFRadarChart.h */,
				E16C7CC122BB63DF00DC13CC /* ZFRadarChart.m */,
			);
			path = ZFRadarChart;
			sourceTree = "<group>";
		};
		E16C7CC222BB63DF00DC13CC /* ZFWaveChart */ = {
			isa = PBXGroup;
			children = (
				E16C7CC322BB63DF00DC13CC /* ZFWave.h */,
				E16C7CC422BB63DF00DC13CC /* ZFWave.m */,
				E16C7CC522BB63DF00DC13CC /* ZFWaveChart.h */,
				E16C7CC622BB63DF00DC13CC /* ZFWaveChart.m */,
			);
			path = ZFWaveChart;
			sourceTree = "<group>";
		};
		E552899E22BE52A8004EC3C3 /* Common */ = {
			isa = PBXGroup;
			children = (
				E55289A022BE52BA004EC3C3 /* DefaultViewCell.h */,
				E552899F22BE52BA004EC3C3 /* DefaultViewCell.m */,
			);
			path = Common;
			sourceTree = "<group>";
		};
		E55F54A522C2953A007896B4 /* SmartConfig */ = {
			isa = PBXGroup;
			children = (
				E55F555122C29698007896B4 /* UDP */,
				E55F550322C2966D007896B4 /* Protocol */,
				E55F54F222C29646007896B4 /* Util */,
				E55F54E722C29613007896B4 /* ESPTouch */,
			);
			path = SmartConfig;
			sourceTree = "<group>";
		};
		E55F54E722C29613007896B4 /* ESPTouch */ = {
			isa = PBXGroup;
			children = (
				E55F54E822C2962B007896B4 /* ESPTouchDelegate.h */,
				E55F54E922C2962B007896B4 /* ESPTouchResult.h */,
				E55F54ED22C29634007896B4 /* ESPTouchResult.m */,
				E55F54EA22C2962B007896B4 /* ESPTouchTask.h */,
				E55F54EE22C29634007896B4 /* ESPTouchTask.m */,
				E55F54EC22C29634007896B4 /* ESPTouchTaskParameter.h */,
				E55F54EB22C29634007896B4 /* ESPTouchTaskParameter.m */,
			);
			path = ESPTouch;
			sourceTree = "<group>";
		};
		E55F54F222C29646007896B4 /* Util */ = {
			isa = PBXGroup;
			children = (
				E55F54F422C2965E007896B4 /* ESP_ByteUtil.h */,
				E55F54F822C2965E007896B4 /* ESP_ByteUtil.m */,
				E55F54FC22C2965E007896B4 /* ESP_CRC8.h */,
				E55F54F922C2965E007896B4 /* ESP_CRC8.m */,
				E55F54F522C2965E007896B4 /* ESP_NetUtil.h */,
				E55F54FA22C2965E007896B4 /* ESP_NetUtil.m */,
				E55F54F322C2965E007896B4 /* ESP_WifiUtil.h */,
				E55F54F622C2965E007896B4 /* ESP_WifiUtil.m */,
				E55F54FB22C2965E007896B4 /* ESPAES.h */,
				E55F54F722C2965E007896B4 /* ESPAES.m */,
				E55F54FD22C2965E007896B4 /* ESPVersionMacro.h */,
			);
			path = Util;
			sourceTree = "<group>";
		};
		E55F550322C2966D007896B4 /* Protocol */ = {
			isa = PBXGroup;
			children = (
				E55F554922C2968C007896B4 /* ESPDataCode.h */,
				E55F554822C2968C007896B4 /* ESPDataCode.m */,
				E55F554B22C2968C007896B4 /* ESPDatumCode.h */,
				E55F554522C2968B007896B4 /* ESPDatumCode.m */,
				E55F554A22C2968C007896B4 /* ESPGuideCode.h */,
				E55F554C22C2968C007896B4 /* ESPGuideCode.m */,
				E55F554722C2968C007896B4 /* ESPTouchGenerator.h */,
				E55F554622C2968C007896B4 /* ESPTouchGenerator.m */,
			);
			path = Protocol;
			sourceTree = "<group>";
		};
		E55F555122C29698007896B4 /* UDP */ = {
			isa = PBXGroup;
			children = (
				E55F555222C296A9007896B4 /* ESPUDPSocketClient.h */,
				E55F555522C296A9007896B4 /* ESPUDPSocketClient.m */,
				E55F555422C296A9007896B4 /* ESPUDPSocketServer.h */,
				E55F555322C296A9007896B4 /* ESPUDPSocketServer.m */,
			);
			path = UDP;
			sourceTree = "<group>";
		};
/* End PBXGroup section */

/* Begin PBXNativeTarget section */
		E16C7C0C22BB56AB00DC13CC /* DongJia */ = {
			isa = PBXNativeTarget;
			buildConfigurationList = E16C7C2322BB56B100DC13CC /* Build configuration list for PBXNativeTarget "DongJia" */;
			buildPhases = (
				D52D22CFF21A375B84B52D0A /* [CP] Check Pods Manifest.lock */,
				E16C7C0922BB56AB00DC13CC /* Sources */,
				E16C7C0A22BB56AB00DC13CC /* Frameworks */,
				E16C7C0B22BB56AB00DC13CC /* Resources */,
			);
			buildRules = (
			);
			dependencies = (
			);
			name = DongJia;
			productName = DongJia;
			productReference = E16C7C0D22BB56AB00DC13CC /* DongJia.app */;
			productType = "com.apple.product-type.application";
		};
/* End PBXNativeTarget section */

/* Begin PBXProject section */
		E16C7C0522BB56AB00DC13CC /* Project object */ = {
			isa = PBXProject;
			attributes = {
				LastUpgradeCheck = 1010;
				ORGANIZATIONNAME = Dong;
				TargetAttributes = {
					E16C7C0C22BB56AB00DC13CC = {
						CreatedOnToolsVersion = 10.1;
					};
				};
			};
			buildConfigurationList = E16C7C0822BB56AB00DC13CC /* Build configuration list for PBXProject "DongJia" */;
			compatibilityVersion = "Xcode 9.3";
			developmentRegion = en;
			hasScannedForEncodings = 0;
			knownRegions = (
				en,
				Base,
			);
			mainGroup = E16C7C0422BB56AB00DC13CC;
			productRefGroup = E16C7C0E22BB56AB00DC13CC /* Products */;
			projectDirPath = "";
			projectRoot = "";
			targets = (
				E16C7C0C22BB56AB00DC13CC /* DongJia */,
			);
		};
/* End PBXProject section */

/* Begin PBXResourcesBuildPhase section */
		E16C7C0B22BB56AB00DC13CC /* Resources */ = {
			isa = PBXResourcesBuildPhase;
			buildActionMask = 2147483647;
			files = (
				E16C7C1D22BB56B100DC13CC /* LaunchScreen.storyboard in Resources */,
				E552899D22BE3E8B004EC3C3 /* Agency_Bold.ttf in Resources */,
				E16C7C1A22BB56B100DC13CC /* Assets.xcassets in Resources */,
			);
			runOnlyForDeploymentPostprocessing = 0;
		};
/* End PBXResourcesBuildPhase section */

/* Begin PBXShellScriptBuildPhase section */
		D52D22CFF21A375B84B52D0A /* [CP] Check Pods Manifest.lock */ = {
			isa = PBXShellScriptBuildPhase;
			buildActionMask = 2147483647;
			files = (
			);
			inputPaths = (
				"${PODS_PODFILE_DIR_PATH}/Podfile.lock",
				"${PODS_ROOT}/Manifest.lock",
			);
			name = "[CP] Check Pods Manifest.lock";
			outputPaths = (
				"$(DERIVED_FILE_DIR)/Pods-DongJia-checkManifestLockResult.txt",
			);
			runOnlyForDeploymentPostprocessing = 0;
			shellPath = /bin/sh;
			shellScript = "diff \"${PODS_PODFILE_DIR_PATH}/Podfile.lock\" \"${PODS_ROOT}/Manifest.lock\" > /dev/null\nif [ $? != 0 ] ; then\n    # print error to STDERR\n    echo \"error: The sandbox is not in sync with the Podfile.lock. Run 'pod install' or update your CocoaPods installation.\" >&2\n    exit 1\nfi\n# This output is used by Xcode 'outputs' to avoid re-running this script phase.\necho \"SUCCESS\" > \"${SCRIPT_OUTPUT_FILE_0}\"\n";
			showEnvVarsInLog = 0;
		};
/* End PBXShellScriptBuildPhase section */

/* Begin PBXSourcesBuildPhase section */
		E16C7C0922BB56AB00DC13CC /* Sources */ = {
			isa = PBXSourcesBuildPhase;
			buildActionMask = 2147483647;
			files = (
				E55F54FF22C2965E007896B4 /* ESPAES.m in Sources */,
				E16C7CE022BB63DF00DC13CC /* ZFPie.m in Sources */,
				E16C7CD322BB63DF00DC13CC /* ZFMethod.m in Sources */,
				E16C7CC922BB63DF00DC13CC /* UIBezierPath+Zirkfied.m in Sources */,
				E55F54FE22C2965E007896B4 /* ESP_WifiUtil.m in Sources */,
				E16C7CDC22BB63DF00DC13CC /* ZFHorizontalBarChart.m in Sources */,
				E55F555622C296A9007896B4 /* ESPUDPSocketServer.m in Sources */,
				E16C7CE222BB63DF00DC13CC /* ZFTranslucencePath.m in Sources */,
				E16C7CD422BB63DF00DC13CC /* ZFBar.m in Sources */,
				E16C7CD822BB63DF00DC13CC /* ZFGenericAxis.m in Sources */,
				E16C7CC822BB63DF00DC13CC /* NSString+Zirkfied.m in Sources */,
				E169BF2B22BCC43D000990BD /* ClientModel.m in Sources */,
				E16C7C4F22BB5E3800DC13CC /* UITextView+PlaceHolder.m in Sources */,
				E16C7CCB22BB63DF00DC13CC /* UIView+Zirkfied.m in Sources */,
				E55F554F22C2968C007896B4 /* ESPDataCode.m in Sources */,
				E16C7CD022BB63DF00DC13CC /* ZFCurveAttribute.m in Sources */,
				E16C7CD522BB63DF00DC13CC /* ZFBarChart.m in Sources */,
				E16C7CDF22BB63DF00DC13CC /* ZFLineChart.m in Sources */,
				E16C7CCA22BB63DF00DC13CC /* UIColor+Zirkfied.m in Sources */,
				E16C7C2022BB56B100DC13CC /* main.m in Sources */,
				E169BF2522BC9284000990BD /* SwitchModel.m in Sources */,
				E16C7CE422BB63DF00DC13CC /* ZFRadar.m in Sources */,
				E16C7CD722BB63DF00DC13CC /* ZFCirqueChart.m in Sources */,
				E16C7CCE22BB63DF00DC13CC /* ZFXAxisLine.m in Sources */,
				E16C7CD922BB63DF00DC13CC /* ZFGenericChart.m in Sources */,
				E55F554D22C2968C007896B4 /* ESPDatumCode.m in Sources */,
				E16C7C1222BB56AB00DC13CC /* AppDelegate.m in Sources */,
				E55F550122C2965E007896B4 /* ESP_CRC8.m in Sources */,
				E16C7CD122BB63DF00DC13CC /* ZFGradientAttribute.m in Sources */,
				E55F554E22C2968C007896B4 /* ESPTouchGenerator.m in Sources */,
				E169BF2E22BCC7E0000990BD /* MainClientCell.m in Sources */,
				E16C7CDE22BB63DF00DC13CC /* ZFLine.m in Sources */,
				E55289A122BE52BA004EC3C3 /* DefaultViewCell.m in Sources */,
				E16C7C5222BB5E3800DC13CC /* NSArray+JSON.m in Sources */,
				E16C7C5322BB5E3800DC13CC /* UILabel+VerticalText.m in Sources */,
				E16C7CC722BB63DF00DC13CC /* NSNumber+Zirkfied.m in Sources */,
				E16C7CDD22BB63DF00DC13CC /* ZFCircle.m in Sources */,
				E16C7C4D22BB5E3800DC13CC /* UIViewController+VFInsert.m in Sources */,
				E16C7CCC22BB63DF00DC13CC /* ZFLabel.m in Sources */,
				E16C7CEA22BB68A200DC13CC /* MQTTManager.m in Sources */,
				E55289A822BE5F93004EC3C3 /* ClientAlertViewCell.m in Sources */,
				E16C7CE622BB63DF00DC13CC /* ZFWave.m in Sources */,
				E16C7C6122BB61EE00DC13CC /* MainViewController.m in Sources */,
				E16C7C4E22BB5E3800DC13CC /* UIView+LBExtension.m in Sources */,
				E55F555722C296A9007896B4 /* ESPUDPSocketClient.m in Sources */,
				E552899922BE3CC8004EC3C3 /* MainHeaderView.m in Sources */,
				E55F54F022C29634007896B4 /* ESPTouchResult.m in Sources */,
				E55F54F122C29634007896B4 /* ESPTouchTask.m in Sources */,
				E16C7C5122BB5E3800DC13CC /* UIColor+HexStringColor.m in Sources */,
				E143CE3D22C220C400766D9D /* MainLeftMenuView.m in Sources */,
				E16C7CED22BB848E00DC13CC /* UIView+Extension.m in Sources */,
				E169BF3122BCD1AF000990BD /* UIView+Toast.m in Sources */,
				E55289A522BE58A6004EC3C3 /* ClientAlertView.m in Sources */,
				E55F550222C2965E007896B4 /* ESP_NetUtil.m in Sources */,
				E55F54EF22C29634007896B4 /* ESPTouchTaskParameter.m in Sources */,
				E16C7C5E22BB61C100DC13CC /* BaseViewController.m in Sources */,
				E169BF1922BC6CB2000990BD /* MQTTMessageModel.m in Sources */,
				E16C7CD222BB63DF00DC13CC /* ZFConst.m in Sources */,
				E16C7CE122BB63DF00DC13CC /* ZFPieChart.m in Sources */,
				E16C7CE522BB63DF00DC13CC /* ZFRadarChart.m in Sources */,
				E16C7CE722BB63DF00DC13CC /* ZFWaveChart.m in Sources */,
				E16C7C5722BB5E3800DC13CC /* UINavigationBar+BackgroundColor.m in Sources */,
				E16C7CD622BB63DF00DC13CC /* ZFCirque.m in Sources */,
				E16C7CDB22BB63DF00DC13CC /* ZFHorizontalBar.m in Sources */,
				E16C7CCF22BB63DF00DC13CC /* ZFYAxisLine.m in Sources */,
				E16C7C5522BB5E3800DC13CC /* UIImage+Color.m in Sources */,
				E16C7CE322BB63DF00DC13CC /* ZFPolygon.m in Sources */,
				E16C7CDA22BB63DF00DC13CC /* ZFHorizontalAxis.m in Sources */,
				E55F555022C2968C007896B4 /* ESPGuideCode.m in Sources */,
				E16C7C5422BB5E3800DC13CC /* UIButton+EdgeInsets.m in Sources */,
				E16C7C5622BB5E3800DC13CC /* UIImage+WLCompress.m in Sources */,
				E55F550022C2965E007896B4 /* ESP_ByteUtil.m in Sources */,
				E16C7CCD22BB63DF00DC13CC /* ZFPopoverLabel.m in Sources */,
				E16C7C5022BB5E3800DC13CC /* UIImage+Gif.m in Sources */,
				E16C7C5822BB5E3800DC13CC /* UIViewController+CustomNavigationBar.m in Sources */,
			);
			runOnlyForDeploymentPostprocessing = 0;
		};
/* End PBXSourcesBuildPhase section */

/* Begin PBXVariantGroup section */
		E16C7C1B22BB56B100DC13CC /* LaunchScreen.storyboard */ = {
			isa = PBXVariantGroup;
			children = (
				E16C7C1C22BB56B100DC13CC /* Base */,
			);
			name = LaunchScreen.storyboard;
			sourceTree = "<group>";
		};
/* End PBXVariantGroup section */

/* Begin XCBuildConfiguration section */
		E16C7C2122BB56B100DC13CC /* Debug */ = {
			isa = XCBuildConfiguration;
			buildSettings = {
				ALWAYS_SEARCH_USER_PATHS = NO;
				CLANG_ANALYZER_NONNULL = YES;
				CLANG_ANALYZER_NUMBER_OBJECT_CONVERSION = YES_AGGRESSIVE;
				CLANG_CXX_LANGUAGE_STANDARD = "gnu++14";
				CLANG_CXX_LIBRARY = "libc++";
				CLANG_ENABLE_MODULES = YES;
				CLANG_ENABLE_OBJC_ARC = YES;
				CLANG_ENABLE_OBJC_WEAK = YES;
				CLANG_WARN_BLOCK_CAPTURE_AUTORELEASING = YES;
				CLANG_WARN_BOOL_CONVERSION = YES;
				CLANG_WARN_COMMA = YES;
				CLANG_WARN_CONSTANT_CONVERSION = YES;
				CLANG_WARN_DEPRECATED_OBJC_IMPLEMENTATIONS = YES;
				CLANG_WARN_DIRECT_OBJC_ISA_USAGE = YES_ERROR;
				CLANG_WARN_DOCUMENTATION_COMMENTS = YES;
				CLANG_WARN_EMPTY_BODY = YES;
				CLANG_WARN_ENUM_CONVERSION = YES;
				CLANG_WARN_INFINITE_RECURSION = YES;
				CLANG_WARN_INT_CONVERSION = YES;
				CLANG_WARN_NON_LITERAL_NULL_CONVERSION = YES;
				CLANG_WARN_OBJC_IMPLICIT_RETAIN_SELF = YES;
				CLANG_WARN_OBJC_LITERAL_CONVERSION = YES;
				CLANG_WARN_OBJC_ROOT_CLASS = YES_ERROR;
				CLANG_WARN_RANGE_LOOP_ANALYSIS = YES;
				CLANG_WARN_STRICT_PROTOTYPES = YES;
				CLANG_WARN_SUSPICIOUS_MOVE = YES;
				CLANG_WARN_UNGUARDED_AVAILABILITY = YES_AGGRESSIVE;
				CLANG_WARN_UNREACHABLE_CODE = YES;
				CLANG_WARN__DUPLICATE_METHOD_MATCH = YES;
				CODE_SIGN_IDENTITY = "iPhone Developer";
				COPY_PHASE_STRIP = NO;
				DEBUG_INFORMATION_FORMAT = dwarf;
				ENABLE_STRICT_OBJC_MSGSEND = YES;
				ENABLE_TESTABILITY = YES;
				GCC_C_LANGUAGE_STANDARD = gnu11;
				GCC_DYNAMIC_NO_PIC = NO;
				GCC_NO_COMMON_BLOCKS = YES;
				GCC_OPTIMIZATION_LEVEL = 0;
				GCC_PREPROCESSOR_DEFINITIONS = (
					"DEBUG=1",
					"$(inherited)",
				);
				GCC_WARN_64_TO_32_BIT_CONVERSION = YES;
				GCC_WARN_ABOUT_RETURN_TYPE = YES_ERROR;
				GCC_WARN_UNDECLARED_SELECTOR = YES;
				GCC_WARN_UNINITIALIZED_AUTOS = YES_AGGRESSIVE;
				GCC_WARN_UNUSED_FUNCTION = YES;
				GCC_WARN_UNUSED_VARIABLE = YES;
				IPHONEOS_DEPLOYMENT_TARGET = 12.1;
				MTL_ENABLE_DEBUG_INFO = INCLUDE_SOURCE;
				MTL_FAST_MATH = YES;
				ONLY_ACTIVE_ARCH = YES;
				SDKROOT = iphoneos;
			};
			name = Debug;
		};
		E16C7C2222BB56B100DC13CC /* Release */ = {
			isa = XCBuildConfiguration;
			buildSettings = {
				ALWAYS_SEARCH_USER_PATHS = NO;
				CLANG_ANALYZER_NONNULL = YES;
				CLANG_ANALYZER_NUMBER_OBJECT_CONVERSION = YES_AGGRESSIVE;
				CLANG_CXX_LANGUAGE_STANDARD = "gnu++14";
				CLANG_CXX_LIBRARY = "libc++";
				CLANG_ENABLE_MODULES = YES;
				CLANG_ENABLE_OBJC_ARC = YES;
				CLANG_ENABLE_OBJC_WEAK = YES;
				CLANG_WARN_BLOCK_CAPTURE_AUTORELEASING = YES;
				CLANG_WARN_BOOL_CONVERSION = YES;
				CLANG_WARN_COMMA = YES;
				CLANG_WARN_CONSTANT_CONVERSION = YES;
				CLANG_WARN_DEPRECATED_OBJC_IMPLEMENTATIONS = YES;
				CLANG_WARN_DIRECT_OBJC_ISA_USAGE = YES_ERROR;
				CLANG_WARN_DOCUMENTATION_COMMENTS = YES;
				CLANG_WARN_EMPTY_BODY = YES;
				CLANG_WARN_ENUM_CONVERSION = YES;
				CLANG_WARN_INFINITE_RECURSION = YES;
				CLANG_WARN_INT_CONVERSION = YES;
				CLANG_WARN_NON_LITERAL_NULL_CONVERSION = YES;
				CLANG_WARN_OBJC_IMPLICIT_RETAIN_SELF = YES;
				CLANG_WARN_OBJC_LITERAL_CONVERSION = YES;
				CLANG_WARN_OBJC_ROOT_CLASS = YES_ERROR;
				CLANG_WARN_RANGE_LOOP_ANALYSIS = YES;
				CLANG_WARN_STRICT_PROTOTYPES = YES;
				CLANG_WARN_SUSPICIOUS_MOVE = YES;
				CLANG_WARN_UNGUARDED_AVAILABILITY = YES_AGGRESSIVE;
				CLANG_WARN_UNREACHABLE_CODE = YES;
				CLANG_WARN__DUPLICATE_METHOD_MATCH = YES;
				CODE_SIGN_IDENTITY = "iPhone Developer";
				COPY_PHASE_STRIP = NO;
				DEBUG_INFORMATION_FORMAT = "dwarf-with-dsym";
				ENABLE_NS_ASSERTIONS = NO;
				ENABLE_STRICT_OBJC_MSGSEND = YES;
				GCC_C_LANGUAGE_STANDARD = gnu11;
				GCC_NO_COMMON_BLOCKS = YES;
				GCC_WARN_64_TO_32_BIT_CONVERSION = YES;
				GCC_WARN_ABOUT_RETURN_TYPE = YES_ERROR;
				GCC_WARN_UNDECLARED_SELECTOR = YES;
				GCC_WARN_UNINITIALIZED_AUTOS = YES_AGGRESSIVE;
				GCC_WARN_UNUSED_FUNCTION = YES;
				GCC_WARN_UNUSED_VARIABLE = YES;
				IPHONEOS_DEPLOYMENT_TARGET = 12.1;
				MTL_ENABLE_DEBUG_INFO = NO;
				MTL_FAST_MATH = YES;
				SDKROOT = iphoneos;
				VALIDATE_PRODUCT = YES;
			};
			name = Release;
		};
		E16C7C2422BB56B100DC13CC /* Debug */ = {
			isa = XCBuildConfiguration;
			baseConfigurationReference = 0C70EDD897D0EC8A2D633111 /* Pods-DongJia.debug.xcconfig */;
			buildSettings = {
				ASSETCATALOG_COMPILER_APPICON_NAME = AppIcon;
				CODE_SIGN_STYLE = Automatic;
				DEVELOPMENT_TEAM = 76HE6TP5SH;
				GCC_PREFIX_HEADER = "$(SRCROOT)/DongJia/Classes/Macros/SDPrefixHeader.pch";
				INFOPLIST_FILE = "$(SRCROOT)/DongJia/Classes/APPDelegate/Info.plist";
				IPHONEOS_DEPLOYMENT_TARGET = 9.0;
				LD_RUNPATH_SEARCH_PATHS = (
					"$(inherited)",
					"@executable_path/Frameworks",
				);
				PRODUCT_BUNDLE_IDENTIFIER = com.dong.DongJia;
				PRODUCT_NAME = "$(TARGET_NAME)";
				TARGETED_DEVICE_FAMILY = "1,2";
			};
			name = Debug;
		};
		E16C7C2522BB56B100DC13CC /* Release */ = {
			isa = XCBuildConfiguration;
			baseConfigurationReference = 0BDD7F9F26BFACFFEA0AC1D0 /* Pods-DongJia.release.xcconfig */;
			buildSettings = {
				ASSETCATALOG_COMPILER_APPICON_NAME = AppIcon;
				CODE_SIGN_STYLE = Automatic;
				DEVELOPMENT_TEAM = 76HE6TP5SH;
				GCC_PREFIX_HEADER = "$(SRCROOT)/DongJia/Classes/Macros/SDPrefixHeader.pch";
				INFOPLIST_FILE = "$(SRCROOT)/DongJia/Classes/APPDelegate/Info.plist";
				IPHONEOS_DEPLOYMENT_TARGET = 9.0;
				LD_RUNPATH_SEARCH_PATHS = (
					"$(inherited)",
					"@executable_path/Frameworks",
				);
				PRODUCT_BUNDLE_IDENTIFIER = com.dong.DongJia;
				PRODUCT_NAME = "$(TARGET_NAME)";
				TARGETED_DEVICE_FAMILY = "1,2";
			};
			name = Release;
		};
/* End XCBuildConfiguration section */

/* Begin XCConfigurationList section */
		E16C7C0822BB56AB00DC13CC /* Build configuration list for PBXProject "DongJia" */ = {
			isa = XCConfigurationList;
			buildConfigurations = (
				E16C7C2122BB56B100DC13CC /* Debug */,
				E16C7C2222BB56B100DC13CC /* Release */,
			);
			defaultConfigurationIsVisible = 0;
			defaultConfigurationName = Release;
		};
		E16C7C2322BB56B100DC13CC /* Build configuration list for PBXNativeTarget "DongJia" */ = {
			isa = XCConfigurationList;
			buildConfigurations = (
				E16C7C2422BB56B100DC13CC /* Debug */,
				E16C7C2522BB56B100DC13CC /* Release */,
			);
			defaultConfigurationIsVisible = 0;
			defaultConfigurationName = Release;
		};
/* End XCConfigurationList section */
	};
	rootObject = E16C7C0522BB56AB00DC13CC /* Project object */;
}
